// !$*UTF8*$!
{
	archiveVersion = 1;
	classes = {
	};
	objectVersion = 46;
	objects = {

/* Begin PBXBuildFile section */
		AB24242A1E89A50F000A49CE /* YahooBigBoardClient.swift in Sources */ = {isa = PBXBuildFile; fileRef = AB2424291E89A50F000A49CE /* YahooBigBoardClient.swift */; };
		AB795CA71E8380ED00FBCCC0 /* AppDelegate.swift in Sources */ = {isa = PBXBuildFile; fileRef = AB795CA61E8380ED00FBCCC0 /* AppDelegate.swift */; };
		AB795CAC1E8380ED00FBCCC0 /* Main.storyboard in Resources */ = {isa = PBXBuildFile; fileRef = AB795CAA1E8380ED00FBCCC0 /* Main.storyboard */; };
		AB795CAF1E8380ED00FBCCC0 /* Stock_Genius.xcdatamodeld in Sources */ = {isa = PBXBuildFile; fileRef = AB795CAD1E8380ED00FBCCC0 /* Stock_Genius.xcdatamodeld */; };
		AB795CB11E8380ED00FBCCC0 /* Assets.xcassets in Resources */ = {isa = PBXBuildFile; fileRef = AB795CB01E8380ED00FBCCC0 /* Assets.xcassets */; };
		AB795CB41E8380ED00FBCCC0 /* LaunchScreen.storyboard in Resources */ = {isa = PBXBuildFile; fileRef = AB795CB21E8380ED00FBCCC0 /* LaunchScreen.storyboard */; };
		AB795CC01E84170700FBCCC0 /* GoogleService-Info.plist in Resources */ = {isa = PBXBuildFile; fileRef = AB795CBF1E84170700FBCCC0 /* GoogleService-Info.plist */; };
		ABE0FA6B1EA6646C006FEBBD /* StockHoldingTableViewCell.xib in Resources */ = {isa = PBXBuildFile; fileRef = ABE0FA6A1EA6646C006FEBBD /* StockHoldingTableViewCell.xib */; };
		ABE0FA6D1EA6693C006FEBBD /* StockHoldingTableViewCell.swift in Sources */ = {isa = PBXBuildFile; fileRef = ABE0FA6C1EA6693C006FEBBD /* StockHoldingTableViewCell.swift */; };
		ABE0FA6F1EA66FC9006FEBBD /* SectionHeaderView.xib in Resources */ = {isa = PBXBuildFile; fileRef = ABE0FA6E1EA66FC9006FEBBD /* SectionHeaderView.xib */; };
		ABE0FA711EA670BC006FEBBD /* SectionHeaderView.swift in Sources */ = {isa = PBXBuildFile; fileRef = ABE0FA701EA670BC006FEBBD /* SectionHeaderView.swift */; };
		ABE0FA731EA67795006FEBBD /* SGConstants.swift in Sources */ = {isa = PBXBuildFile; fileRef = ABE0FA721EA67795006FEBBD /* SGConstants.swift */; };
		ABE0FA751EA67998006FEBBD /* SummaryTableViewCell.xib in Resources */ = {isa = PBXBuildFile; fileRef = ABE0FA741EA67998006FEBBD /* SummaryTableViewCell.xib */; };
		ABE0FA771EA67CC0006FEBBD /* SummaryTableViewCell.swift in Sources */ = {isa = PBXBuildFile; fileRef = ABE0FA761EA67CC0006FEBBD /* SummaryTableViewCell.swift */; };
		ABE0FA791EA67F4B006FEBBD /* OtherStocksTableViewCell.xib in Resources */ = {isa = PBXBuildFile; fileRef = ABE0FA781EA67F4B006FEBBD /* OtherStocksTableViewCell.xib */; };
		ABE0FA7B1EA67FF3006FEBBD /* OtherStocksTableViewCell.swift in Sources */ = {isa = PBXBuildFile; fileRef = ABE0FA7A1EA67FF3006FEBBD /* OtherStocksTableViewCell.swift */; };
		ABE0FA7D1EA7E573006FEBBD /* CalculatorInputView.xib in Resources */ = {isa = PBXBuildFile; fileRef = ABE0FA7C1EA7E573006FEBBD /* CalculatorInputView.xib */; };
		ABE0FA7F1EA7E8A6006FEBBD /* CalculatorInputView.swift in Sources */ = {isa = PBXBuildFile; fileRef = ABE0FA7E1EA7E8A6006FEBBD /* CalculatorInputView.swift */; };
		ABE0FA811EA82279006FEBBD /* CalculatorTableViewCell.xib in Resources */ = {isa = PBXBuildFile; fileRef = ABE0FA801EA82279006FEBBD /* CalculatorTableViewCell.xib */; };
		ABE0FA831EA823A6006FEBBD /* CalculatorTableViewCell.swift in Sources */ = {isa = PBXBuildFile; fileRef = ABE0FA821EA823A6006FEBBD /* CalculatorTableViewCell.swift */; };
		ABE0FA851EA8EFF4006FEBBD /* CalculatorOutputView.xib in Resources */ = {isa = PBXBuildFile; fileRef = ABE0FA841EA8EFF4006FEBBD /* CalculatorOutputView.xib */; };
		ABE0FA871EA8F153006FEBBD /* CalculatorOutputView.swift in Sources */ = {isa = PBXBuildFile; fileRef = ABE0FA861EA8F153006FEBBD /* CalculatorOutputView.swift */; };
		ABE0FA891EAD8288006FEBBD /* PastHoldingTableViewCell.xib in Resources */ = {isa = PBXBuildFile; fileRef = ABE0FA881EAD8288006FEBBD /* PastHoldingTableViewCell.xib */; };
		ABE0FA8B1EAD8562006FEBBD /* PastHoldingTableViewCell.swift in Sources */ = {isa = PBXBuildFile; fileRef = ABE0FA8A1EAD8562006FEBBD /* PastHoldingTableViewCell.swift */; };
		ABE0FAB71EAEC5C6006FEBBD /* PastHoldingsHeaderView.xib in Resources */ = {isa = PBXBuildFile; fileRef = ABE0FAB61EAEC5C6006FEBBD /* PastHoldingsHeaderView.xib */; };
		ABE0FAB91EAEC891006FEBBD /* PastHoldingsHeaderView.swift in Sources */ = {isa = PBXBuildFile; fileRef = ABE0FAB81EAEC891006FEBBD /* PastHoldingsHeaderView.swift */; };
		ABEBD56C1E9EDA60003D7AE4 /* FBClient.swift in Sources */ = {isa = PBXBuildFile; fileRef = ABEBD56B1E9EDA60003D7AE4 /* FBClient.swift */; };
		ABEBD56E1E9EEB90003D7AE4 /* CDClient.swift in Sources */ = {isa = PBXBuildFile; fileRef = ABEBD56D1E9EEB90003D7AE4 /* CDClient.swift */; };
		ABEBD5701E9FDF43003D7AE4 /* SGDispatch.swift in Sources */ = {isa = PBXBuildFile; fileRef = ABEBD56F1E9FDF43003D7AE4 /* SGDispatch.swift */; };
		ABEBD5721EA514C3003D7AE4 /* RootVC.swift in Sources */ = {isa = PBXBuildFile; fileRef = ABEBD5711EA514C2003D7AE4 /* RootVC.swift */; };
		ABEBD5741EA51A8C003D7AE4 /* MainHoldingsVC.swift in Sources */ = {isa = PBXBuildFile; fileRef = ABEBD5731EA51A8C003D7AE4 /* MainHoldingsVC.swift */; };
		ABEBD5781EA54063003D7AE4 /* IndividualHoldingVC.swift in Sources */ = {isa = PBXBuildFile; fileRef = ABEBD5771EA54063003D7AE4 /* IndividualHoldingVC.swift */; };
		ABEBD57A1EA54072003D7AE4 /* CalculatorVC.swift in Sources */ = {isa = PBXBuildFile; fileRef = ABEBD5791EA54072003D7AE4 /* CalculatorVC.swift */; };
		ABEBD57C1EA54080003D7AE4 /* PastHoldingsVC.swift in Sources */ = {isa = PBXBuildFile; fileRef = ABEBD57B1EA54080003D7AE4 /* PastHoldingsVC.swift */; };
		ABEBD5861EA54D59003D7AE4 /* HeaderView.xib in Resources */ = {isa = PBXBuildFile; fileRef = ABEBD5851EA54D59003D7AE4 /* HeaderView.xib */; };
		ABEBD5881EA5527F003D7AE4 /* HeaderView.swift in Sources */ = {isa = PBXBuildFile; fileRef = ABEBD5871EA5527F003D7AE4 /* HeaderView.swift */; };
		F99DE2980EA73905B0EDE9AD /* Pods_Stock_Genius.framework in Frameworks */ = {isa = PBXBuildFile; fileRef = 078D65F4ED37BB1B0EDB4CB1 /* Pods_Stock_Genius.framework */; };
/* End PBXBuildFile section */

/* Begin PBXFileReference section */
		078D14E84E0C38AE62AD3F61 /* Pods-Stock Genius.release.xcconfig */ = {isa = PBXFileReference; includeInIndex = 1; lastKnownFileType = text.xcconfig; name = "Pods-Stock Genius.release.xcconfig"; path = "Pods/Target Support Files/Pods-Stock Genius/Pods-Stock Genius.release.xcconfig"; sourceTree = "<group>"; };
		078D65F4ED37BB1B0EDB4CB1 /* Pods_Stock_Genius.framework */ = {isa = PBXFileReference; explicitFileType = wrapper.framework; includeInIndex = 0; path = Pods_Stock_Genius.framework; sourceTree = BUILT_PRODUCTS_DIR; };
		78B18E060E328F0C1BEF7D6D /* Pods-Stock Genius.debug.xcconfig */ = {isa = PBXFileReference; includeInIndex = 1; lastKnownFileType = text.xcconfig; name = "Pods-Stock Genius.debug.xcconfig"; path = "Pods/Target Support Files/Pods-Stock Genius/Pods-Stock Genius.debug.xcconfig"; sourceTree = "<group>"; };
		AB2424291E89A50F000A49CE /* YahooBigBoardClient.swift */ = {isa = PBXFileReference; fileEncoding = 4; lastKnownFileType = sourcecode.swift; path = YahooBigBoardClient.swift; sourceTree = "<group>"; };
		AB795CA31E8380ED00FBCCC0 /* Stock Genius.app */ = {isa = PBXFileReference; explicitFileType = wrapper.application; includeInIndex = 0; path = "Stock Genius.app"; sourceTree = BUILT_PRODUCTS_DIR; };
		AB795CA61E8380ED00FBCCC0 /* AppDelegate.swift */ = {isa = PBXFileReference; lastKnownFileType = sourcecode.swift; path = AppDelegate.swift; sourceTree = "<group>"; };
		AB795CAB1E8380ED00FBCCC0 /* Base */ = {isa = PBXFileReference; lastKnownFileType = file.storyboard; name = Base; path = Base.lproj/Main.storyboard; sourceTree = "<group>"; };
		AB795CAE1E8380ED00FBCCC0 /* Stock_Genius.xcdatamodel */ = {isa = PBXFileReference; lastKnownFileType = wrapper.xcdatamodel; path = Stock_Genius.xcdatamodel; sourceTree = "<group>"; };
		AB795CB01E8380ED00FBCCC0 /* Assets.xcassets */ = {isa = PBXFileReference; lastKnownFileType = folder.assetcatalog; path = Assets.xcassets; sourceTree = "<group>"; };
		AB795CB31E8380ED00FBCCC0 /* Base */ = {isa = PBXFileReference; lastKnownFileType = file.storyboard; name = Base; path = Base.lproj/LaunchScreen.storyboard; sourceTree = "<group>"; };
		AB795CB51E8380ED00FBCCC0 /* Info.plist */ = {isa = PBXFileReference; lastKnownFileType = text.plist.xml; path = Info.plist; sourceTree = "<group>"; };
		AB795CBF1E84170700FBCCC0 /* GoogleService-Info.plist */ = {isa = PBXFileReference; fileEncoding = 4; lastKnownFileType = text.plist.xml; path = "GoogleService-Info.plist"; sourceTree = "<group>"; };
		ABE0FA6A1EA6646C006FEBBD /* StockHoldingTableViewCell.xib */ = {isa = PBXFileReference; fileEncoding = 4; lastKnownFileType = file.xib; path = StockHoldingTableViewCell.xib; sourceTree = "<group>"; };
		ABE0FA6C1EA6693C006FEBBD /* StockHoldingTableViewCell.swift */ = {isa = PBXFileReference; fileEncoding = 4; lastKnownFileType = sourcecode.swift; path = StockHoldingTableViewCell.swift; sourceTree = "<group>"; };
		ABE0FA6E1EA66FC9006FEBBD /* SectionHeaderView.xib */ = {isa = PBXFileReference; fileEncoding = 4; lastKnownFileType = file.xib; path = SectionHeaderView.xib; sourceTree = "<group>"; };
		ABE0FA701EA670BC006FEBBD /* SectionHeaderView.swift */ = {isa = PBXFileReference; fileEncoding = 4; lastKnownFileType = sourcecode.swift; path = SectionHeaderView.swift; sourceTree = "<group>"; };
		ABE0FA721EA67795006FEBBD /* SGConstants.swift */ = {isa = PBXFileReference; fileEncoding = 4; lastKnownFileType = sourcecode.swift; path = SGConstants.swift; sourceTree = "<group>"; };
		ABE0FA741EA67998006FEBBD /* SummaryTableViewCell.xib */ = {isa = PBXFileReference; fileEncoding = 4; lastKnownFileType = file.xib; path = SummaryTableViewCell.xib; sourceTree = "<group>"; };
		ABE0FA761EA67CC0006FEBBD /* SummaryTableViewCell.swift */ = {isa = PBXFileReference; fileEncoding = 4; lastKnownFileType = sourcecode.swift; path = SummaryTableViewCell.swift; sourceTree = "<group>"; };
		ABE0FA781EA67F4B006FEBBD /* OtherStocksTableViewCell.xib */ = {isa = PBXFileReference; fileEncoding = 4; lastKnownFileType = file.xib; path = OtherStocksTableViewCell.xib; sourceTree = "<group>"; };
		ABE0FA7A1EA67FF3006FEBBD /* OtherStocksTableViewCell.swift */ = {isa = PBXFileReference; fileEncoding = 4; lastKnownFileType = sourcecode.swift; path = OtherStocksTableViewCell.swift; sourceTree = "<group>"; };
		ABE0FA7C1EA7E573006FEBBD /* CalculatorInputView.xib */ = {isa = PBXFileReference; fileEncoding = 4; lastKnownFileType = file.xib; path = CalculatorInputView.xib; sourceTree = "<group>"; };
		ABE0FA7E1EA7E8A6006FEBBD /* CalculatorInputView.swift */ = {isa = PBXFileReference; fileEncoding = 4; lastKnownFileType = sourcecode.swift; path = CalculatorInputView.swift; sourceTree = "<group>"; };
		ABE0FA801EA82279006FEBBD /* CalculatorTableViewCell.xib */ = {isa = PBXFileReference; fileEncoding = 4; lastKnownFileType = file.xib; path = CalculatorTableViewCell.xib; sourceTree = "<group>"; };
		ABE0FA821EA823A6006FEBBD /* CalculatorTableViewCell.swift */ = {isa = PBXFileReference; fileEncoding = 4; lastKnownFileType = sourcecode.swift; path = CalculatorTableViewCell.swift; sourceTree = "<group>"; };
		ABE0FA841EA8EFF4006FEBBD /* CalculatorOutputView.xib */ = {isa = PBXFileReference; fileEncoding = 4; lastKnownFileType = file.xib; path = CalculatorOutputView.xib; sourceTree = "<group>"; };
		ABE0FA861EA8F153006FEBBD /* CalculatorOutputView.swift */ = {isa = PBXFileReference; fileEncoding = 4; lastKnownFileType = sourcecode.swift; path = CalculatorOutputView.swift; sourceTree = "<group>"; };
		ABE0FA881EAD8288006FEBBD /* PastHoldingTableViewCell.xib */ = {isa = PBXFileReference; fileEncoding = 4; lastKnownFileType = file.xib; path = PastHoldingTableViewCell.xib; sourceTree = "<group>"; };
		ABE0FA8A1EAD8562006FEBBD /* PastHoldingTableViewCell.swift */ = {isa = PBXFileReference; fileEncoding = 4; lastKnownFileType = sourcecode.swift; path = PastHoldingTableViewCell.swift; sourceTree = "<group>"; };
		ABE0FAB61EAEC5C6006FEBBD /* PastHoldingsHeaderView.xib */ = {isa = PBXFileReference; fileEncoding = 4; lastKnownFileType = file.xib; path = PastHoldingsHeaderView.xib; sourceTree = "<group>"; };
		ABE0FAB81EAEC891006FEBBD /* PastHoldingsHeaderView.swift */ = {isa = PBXFileReference; fileEncoding = 4; lastKnownFileType = sourcecode.swift; path = PastHoldingsHeaderView.swift; sourceTree = "<group>"; };
		ABEBD56B1E9EDA60003D7AE4 /* FBClient.swift */ = {isa = PBXFileReference; fileEncoding = 4; lastKnownFileType = sourcecode.swift; path = FBClient.swift; sourceTree = "<group>"; };
		ABEBD56D1E9EEB90003D7AE4 /* CDClient.swift */ = {isa = PBXFileReference; fileEncoding = 4; lastKnownFileType = sourcecode.swift; path = CDClient.swift; sourceTree = "<group>"; };
		ABEBD56F1E9FDF43003D7AE4 /* SGDispatch.swift */ = {isa = PBXFileReference; fileEncoding = 4; lastKnownFileType = sourcecode.swift; path = SGDispatch.swift; sourceTree = "<group>"; };
		ABEBD5711EA514C2003D7AE4 /* RootVC.swift */ = {isa = PBXFileReference; fileEncoding = 4; lastKnownFileType = sourcecode.swift; path = RootVC.swift; sourceTree = "<group>"; };
		ABEBD5731EA51A8C003D7AE4 /* MainHoldingsVC.swift */ = {isa = PBXFileReference; fileEncoding = 4; lastKnownFileType = sourcecode.swift; path = MainHoldingsVC.swift; sourceTree = "<group>"; };
		ABEBD5771EA54063003D7AE4 /* IndividualHoldingVC.swift */ = {isa = PBXFileReference; fileEncoding = 4; lastKnownFileType = sourcecode.swift; path = IndividualHoldingVC.swift; sourceTree = "<group>"; };
		ABEBD5791EA54072003D7AE4 /* CalculatorVC.swift */ = {isa = PBXFileReference; fileEncoding = 4; lastKnownFileType = sourcecode.swift; path = CalculatorVC.swift; sourceTree = "<group>"; };
		ABEBD57B1EA54080003D7AE4 /* PastHoldingsVC.swift */ = {isa = PBXFileReference; fileEncoding = 4; lastKnownFileType = sourcecode.swift; path = PastHoldingsVC.swift; sourceTree = "<group>"; };
		ABEBD5851EA54D59003D7AE4 /* HeaderView.xib */ = {isa = PBXFileReference; fileEncoding = 4; lastKnownFileType = file.xib; path = HeaderView.xib; sourceTree = "<group>"; };
		ABEBD5871EA5527F003D7AE4 /* HeaderView.swift */ = {isa = PBXFileReference; fileEncoding = 4; lastKnownFileType = sourcecode.swift; path = HeaderView.swift; sourceTree = "<group>"; };
/* End PBXFileReference section */

/* Begin PBXFrameworksBuildPhase section */
		AB795CA01E8380ED00FBCCC0 /* Frameworks */ = {
			isa = PBXFrameworksBuildPhase;
			buildActionMask = 2147483647;
			files = (
				F99DE2980EA73905B0EDE9AD /* Pods_Stock_Genius.framework in Frameworks */,
			);
			runOnlyForDeploymentPostprocessing = 0;
		};
/* End PBXFrameworksBuildPhase section */

/* Begin PBXGroup section */
		2C92307D5BE9B7BBABE38265 /* Frameworks */ = {
			isa = PBXGroup;
			children = (
				078D65F4ED37BB1B0EDB4CB1 /* Pods_Stock_Genius.framework */,
			);
			name = Frameworks;
			sourceTree = "<group>";
		};
		968D28EC69B374A4A6B3147E /* Pods */ = {
			isa = PBXGroup;
			children = (
				78B18E060E328F0C1BEF7D6D /* Pods-Stock Genius.debug.xcconfig */,
				078D14E84E0C38AE62AD3F61 /* Pods-Stock Genius.release.xcconfig */,
			);
			name = Pods;
			sourceTree = "<group>";
		};
		AB795C9A1E8380ED00FBCCC0 = {
			isa = PBXGroup;
			children = (
				AB795CA51E8380ED00FBCCC0 /* Stock Genius */,
				AB795CA41E8380ED00FBCCC0 /* Products */,
				968D28EC69B374A4A6B3147E /* Pods */,
				2C92307D5BE9B7BBABE38265 /* Frameworks */,
			);
			sourceTree = "<group>";
		};
		AB795CA41E8380ED00FBCCC0 /* Products */ = {
			isa = PBXGroup;
			children = (
				AB795CA31E8380ED00FBCCC0 /* Stock Genius.app */,
			);
			name = Products;
			sourceTree = "<group>";
		};
		AB795CA51E8380ED00FBCCC0 /* Stock Genius */ = {
			isa = PBXGroup;
			children = (
				AB795CA61E8380ED00FBCCC0 /* AppDelegate.swift */,
				ABEBD56F1E9FDF43003D7AE4 /* SGDispatch.swift */,
				ABEBD56B1E9EDA60003D7AE4 /* FBClient.swift */,
				ABE0FA721EA67795006FEBBD /* SGConstants.swift */,
				ABEBD56D1E9EEB90003D7AE4 /* CDClient.swift */,
				AB2424291E89A50F000A49CE /* YahooBigBoardClient.swift */,
				AB795CAA1E8380ED00FBCCC0 /* Main.storyboard */,
				ABEBD5831EA540D2003D7AE4 /* View Controllers */,
				AB795CB21E8380ED00FBCCC0 /* LaunchScreen.storyboard */,
				AB795CB51E8380ED00FBCCC0 /* Info.plist */,
				AB795CB01E8380ED00FBCCC0 /* Assets.xcassets */,
				AB795CBF1E84170700FBCCC0 /* GoogleService-Info.plist */,
				AB795CAD1E8380ED00FBCCC0 /* Stock_Genius.xcdatamodeld */,
			);
			path = "Stock Genius";
			sourceTree = "<group>";
		};
		ABEBD5831EA540D2003D7AE4 /* View Controllers */ = {
			isa = PBXGroup;
			children = (
				ABEBD5711EA514C2003D7AE4 /* RootVC.swift */,
				ABEBD5851EA54D59003D7AE4 /* HeaderView.xib */,
				ABEBD5871EA5527F003D7AE4 /* HeaderView.swift */,
				ABEBD5791EA54072003D7AE4 /* CalculatorVC.swift */,
				ABEBD57B1EA54080003D7AE4 /* PastHoldingsVC.swift */,
				ABEBD5731EA51A8C003D7AE4 /* MainHoldingsVC.swift */,
				ABEBD5771EA54063003D7AE4 /* IndividualHoldingVC.swift */,
				ABEBD5841EA540E8003D7AE4 /* Function VCs */,
			);
			name = "View Controllers";
			sourceTree = "<group>";
		};
		ABEBD5841EA540E8003D7AE4 /* Function VCs */ = {
			isa = PBXGroup;
			children = (
				ABE0FA741EA67998006FEBBD /* SummaryTableViewCell.xib */,
				ABE0FA761EA67CC0006FEBBD /* SummaryTableViewCell.swift */,
				ABE0FA7C1EA7E573006FEBBD /* CalculatorInputView.xib */,
				ABE0FA7E1EA7E8A6006FEBBD /* CalculatorInputView.swift */,
				ABE0FA841EA8EFF4006FEBBD /* CalculatorOutputView.xib */,
				ABE0FA861EA8F153006FEBBD /* CalculatorOutputView.swift */,
				ABE0FAB61EAEC5C6006FEBBD /* PastHoldingsHeaderView.xib */,
				ABE0FAB81EAEC891006FEBBD /* PastHoldingsHeaderView.swift */,
				ABE0FA881EAD8288006FEBBD /* PastHoldingTableViewCell.xib */,
				ABE0FA8A1EAD8562006FEBBD /* PastHoldingTableViewCell.swift */,
				ABE0FA781EA67F4B006FEBBD /* OtherStocksTableViewCell.xib */,
				ABE0FA7A1EA67FF3006FEBBD /* OtherStocksTableViewCell.swift */,
				ABE0FA801EA82279006FEBBD /* CalculatorTableViewCell.xib */,
				ABE0FA821EA823A6006FEBBD /* CalculatorTableViewCell.swift */,
				ABE0FA6A1EA6646C006FEBBD /* StockHoldingTableViewCell.xib */,
				ABE0FA6C1EA6693C006FEBBD /* StockHoldingTableViewCell.swift */,
				ABE0FA6E1EA66FC9006FEBBD /* SectionHeaderView.xib */,
				ABE0FA701EA670BC006FEBBD /* SectionHeaderView.swift */,
			);
			name = "Function VCs";
			sourceTree = "<group>";
		};
/* End PBXGroup section */

/* Begin PBXNativeTarget section */
		AB795CA21E8380ED00FBCCC0 /* Stock Genius */ = {
			isa = PBXNativeTarget;
			buildConfigurationList = AB795CB81E8380ED00FBCCC0 /* Build configuration list for PBXNativeTarget "Stock Genius" */;
			buildPhases = (
				DC88E609A1321E3FDC367173 /* [CP] Check Pods Manifest.lock */,
				AB795C9F1E8380ED00FBCCC0 /* Sources */,
				AB795CA01E8380ED00FBCCC0 /* Frameworks */,
				AB795CA11E8380ED00FBCCC0 /* Resources */,
				1889228246E9122228C6BBFA /* [CP] Embed Pods Frameworks */,
				1D0A45A30D0FA05584E6EAD7 /* [CP] Copy Pods Resources */,
			);
			buildRules = (
			);
			dependencies = (
			);
			name = "Stock Genius";
			productName = "Stock Genius";
			productReference = AB795CA31E8380ED00FBCCC0 /* Stock Genius.app */;
			productType = "com.apple.product-type.application";
		};
/* End PBXNativeTarget section */

/* Begin PBXProject section */
		AB795C9B1E8380ED00FBCCC0 /* Project object */ = {
			isa = PBXProject;
			attributes = {
				LastSwiftUpdateCheck = 0820;
				LastUpgradeCheck = 0820;
				ORGANIZATIONNAME = Clouser;
				TargetAttributes = {
					AB795CA21E8380ED00FBCCC0 = {
						CreatedOnToolsVersion = 8.2.1;
						DevelopmentTeam = WGMLG78T9W;
						ProvisioningStyle = Automatic;
					};
				};
			};
			buildConfigurationList = AB795C9E1E8380ED00FBCCC0 /* Build configuration list for PBXProject "Stock Genius" */;
			compatibilityVersion = "Xcode 3.2";
			developmentRegion = English;
			hasScannedForEncodings = 0;
			knownRegions = (
				en,
				Base,
			);
			mainGroup = AB795C9A1E8380ED00FBCCC0;
			productRefGroup = AB795CA41E8380ED00FBCCC0 /* Products */;
			projectDirPath = "";
			projectRoot = "";
			targets = (
				AB795CA21E8380ED00FBCCC0 /* Stock Genius */,
			);
		};
/* End PBXProject section */

/* Begin PBXResourcesBuildPhase section */
		AB795CA11E8380ED00FBCCC0 /* Resources */ = {
			isa = PBXResourcesBuildPhase;
			buildActionMask = 2147483647;
			files = (
				ABE0FA6F1EA66FC9006FEBBD /* SectionHeaderView.xib in Resources */,
				ABE0FAB71EAEC5C6006FEBBD /* PastHoldingsHeaderView.xib in Resources */,
				ABE0FA7D1EA7E573006FEBBD /* CalculatorInputView.xib in Resources */,
				AB795CB41E8380ED00FBCCC0 /* LaunchScreen.storyboard in Resources */,
				ABE0FA851EA8EFF4006FEBBD /* CalculatorOutputView.xib in Resources */,
				ABE0FA751EA67998006FEBBD /* SummaryTableViewCell.xib in Resources */,
				ABEBD5861EA54D59003D7AE4 /* HeaderView.xib in Resources */,
				AB795CC01E84170700FBCCC0 /* GoogleService-Info.plist in Resources */,
				ABE0FA891EAD8288006FEBBD /* PastHoldingTableViewCell.xib in Resources */,
				AB795CB11E8380ED00FBCCC0 /* Assets.xcassets in Resources */,
				ABE0FA6B1EA6646C006FEBBD /* StockHoldingTableViewCell.xib in Resources */,
				AB795CAC1E8380ED00FBCCC0 /* Main.storyboard in Resources */,
				ABE0FA811EA82279006FEBBD /* CalculatorTableViewCell.xib in Resources */,
				ABE0FA791EA67F4B006FEBBD /* OtherStocksTableViewCell.xib in Resources */,
			);
			runOnlyForDeploymentPostprocessing = 0;
		};
/* End PBXResourcesBuildPhase section */

/* Begin PBXShellScriptBuildPhase section */
		1889228246E9122228C6BBFA /* [CP] Embed Pods Frameworks */ = {
			isa = PBXShellScriptBuildPhase;
			buildActionMask = 2147483647;
			files = (
			);
			inputPaths = (
			);
			name = "[CP] Embed Pods Frameworks";
			outputPaths = (
			);
			runOnlyForDeploymentPostprocessing = 0;
			shellPath = /bin/sh;
			shellScript = "\"${SRCROOT}/Pods/Target Support Files/Pods-Stock Genius/Pods-Stock Genius-frameworks.sh\"\n";
			showEnvVarsInLog = 0;
		};
		1D0A45A30D0FA05584E6EAD7 /* [CP] Copy Pods Resources */ = {
			isa = PBXShellScriptBuildPhase;
			buildActionMask = 2147483647;
			files = (
			);
			inputPaths = (
			);
			name = "[CP] Copy Pods Resources";
			outputPaths = (
			);
			runOnlyForDeploymentPostprocessing = 0;
			shellPath = /bin/sh;
			shellScript = "\"${SRCROOT}/Pods/Target Support Files/Pods-Stock Genius/Pods-Stock Genius-resources.sh\"\n";
			showEnvVarsInLog = 0;
		};
		DC88E609A1321E3FDC367173 /* [CP] Check Pods Manifest.lock */ = {
			isa = PBXShellScriptBuildPhase;
			buildActionMask = 2147483647;
			files = (
			);
			inputPaths = (
			);
			name = "[CP] Check Pods Manifest.lock";
			outputPaths = (
			);
			runOnlyForDeploymentPostprocessing = 0;
			shellPath = /bin/sh;
			shellScript = "diff \"${PODS_ROOT}/../Podfile.lock\" \"${PODS_ROOT}/Manifest.lock\" > /dev/null\nif [ $? != 0 ] ; then\n    # print error to STDERR\n    echo \"error: The sandbox is not in sync with the Podfile.lock. Run 'pod install' or update your CocoaPods installation.\" >&2\n    exit 1\nfi\n";
			showEnvVarsInLog = 0;
		};
/* End PBXShellScriptBuildPhase section */

/* Begin PBXSourcesBuildPhase section */
		AB795C9F1E8380ED00FBCCC0 /* Sources */ = {
			isa = PBXSourcesBuildPhase;
			buildActionMask = 2147483647;
			files = (
				ABE0FA6D1EA6693C006FEBBD /* StockHoldingTableViewCell.swift in Sources */,
				ABEBD56E1E9EEB90003D7AE4 /* CDClient.swift in Sources */,
				ABEBD56C1E9EDA60003D7AE4 /* FBClient.swift in Sources */,
				ABE0FA8B1EAD8562006FEBBD /* PastHoldingTableViewCell.swift in Sources */,
				AB24242A1E89A50F000A49CE /* YahooBigBoardClient.swift in Sources */,
				ABEBD5741EA51A8C003D7AE4 /* MainHoldingsVC.swift in Sources */,
				ABE0FA7B1EA67FF3006FEBBD /* OtherStocksTableViewCell.swift in Sources */,
				ABE0FA7F1EA7E8A6006FEBBD /* CalculatorInputView.swift in Sources */,
				AB795CAF1E8380ED00FBCCC0 /* Stock_Genius.xcdatamodeld in Sources */,
				ABEBD57C1EA54080003D7AE4 /* PastHoldingsVC.swift in Sources */,
				ABEBD5701E9FDF43003D7AE4 /* SGDispatch.swift in Sources */,
				ABE0FAB91EAEC891006FEBBD /* PastHoldingsHeaderView.swift in Sources */,
				ABEBD57A1EA54072003D7AE4 /* CalculatorVC.swift in Sources */,
				ABE0FA711EA670BC006FEBBD /* SectionHeaderView.swift in Sources */,
				ABE0FA831EA823A6006FEBBD /* CalculatorTableViewCell.swift in Sources */,
				ABEBD5721EA514C3003D7AE4 /* RootVC.swift in Sources */,
				AB795CA71E8380ED00FBCCC0 /* AppDelegate.swift in Sources */,
				ABE0FA731EA67795006FEBBD /* SGConstants.swift in Sources */,
				ABEBD5781EA54063003D7AE4 /* IndividualHoldingVC.swift in Sources */,
				ABE0FA871EA8F153006FEBBD /* CalculatorOutputView.swift in Sources */,
				ABE0FA771EA67CC0006FEBBD /* SummaryTableViewCell.swift in Sources */,
				ABEBD5881EA5527F003D7AE4 /* HeaderView.swift in Sources */,
			);
			runOnlyForDeploymentPostprocessing = 0;
		};
/* End PBXSourcesBuildPhase section */

/* Begin PBXVariantGroup section */
		AB795CAA1E8380ED00FBCCC0 /* Main.storyboard */ = {
			isa = PBXVariantGroup;
			children = (
				AB795CAB1E8380ED00FBCCC0 /* Base */,
			);
			name = Main.storyboard;
			sourceTree = "<group>";
		};
		AB795CB21E8380ED00FBCCC0 /* LaunchScreen.storyboard */ = {
			isa = PBXVariantGroup;
			children = (
				AB795CB31E8380ED00FBCCC0 /* Base */,
			);
			name = LaunchScreen.storyboard;
			sourceTree = "<group>";
		};
/* End PBXVariantGroup section */

/* Begin XCBuildConfiguration section */
		AB795CB61E8380ED00FBCCC0 /* Debug */ = {
			isa = XCBuildConfiguration;
			buildSettings = {
				ALWAYS_SEARCH_USER_PATHS = NO;
				CLANG_ANALYZER_NONNULL = YES;
				CLANG_CXX_LANGUAGE_STANDARD = "gnu++0x";
				CLANG_CXX_LIBRARY = "libc++";
				CLANG_ENABLE_MODULES = YES;
				CLANG_ENABLE_OBJC_ARC = YES;
				CLANG_WARN_BOOL_CONVERSION = YES;
				CLANG_WARN_CONSTANT_CONVERSION = YES;
				CLANG_WARN_DIRECT_OBJC_ISA_USAGE = YES_ERROR;
				CLANG_WARN_DOCUMENTATION_COMMENTS = YES;
				CLANG_WARN_EMPTY_BODY = YES;
				CLANG_WARN_ENUM_CONVERSION = YES;
				CLANG_WARN_INFINITE_RECURSION = YES;
				CLANG_WARN_INT_CONVERSION = YES;
				CLANG_WARN_OBJC_ROOT_CLASS = YES_ERROR;
				CLANG_WARN_SUSPICIOUS_MOVE = YES;
				CLANG_WARN_UNREACHABLE_CODE = YES;
				CLANG_WARN__DUPLICATE_METHOD_MATCH = YES;
				"CODE_SIGN_IDENTITY[sdk=iphoneos*]" = "iPhone Developer";
				COPY_PHASE_STRIP = NO;
				DEBUG_INFORMATION_FORMAT = dwarf;
				ENABLE_STRICT_OBJC_MSGSEND = YES;
				ENABLE_TESTABILITY = YES;
				GCC_C_LANGUAGE_STANDARD = gnu99;
				GCC_DYNAMIC_NO_PIC = NO;
				GCC_NO_COMMON_BLOCKS = YES;
				GCC_OPTIMIZATION_LEVEL = 0;
				GCC_PREPROCESSOR_DEFINITIONS = (
					"DEBUG=1",
					"$(inherited)",
				);
				GCC_WARN_64_TO_32_BIT_CONVERSION = YES;
				GCC_WARN_ABOUT_RETURN_TYPE = YES_ERROR;
				GCC_WARN_UNDECLARED_SELECTOR = YES;
				GCC_WARN_UNINITIALIZED_AUTOS = YES_AGGRESSIVE;
				GCC_WARN_UNUSED_FUNCTION = YES;
				GCC_WARN_UNUSED_VARIABLE = YES;
				IPHONEOS_DEPLOYMENT_TARGET = 10.0;
				MTL_ENABLE_DEBUG_INFO = YES;
				ONLY_ACTIVE_ARCH = YES;
				SDKROOT = iphoneos;
				SWIFT_ACTIVE_COMPILATION_CONDITIONS = DEBUG;
				SWIFT_OPTIMIZATION_LEVEL = "-Onone";
			};
			name = Debug;
		};
		AB795CB71E8380ED00FBCCC0 /* Release */ = {
			isa = XCBuildConfiguration;
			buildSettings = {
				ALWAYS_SEARCH_USER_PATHS = NO;
				CLANG_ANALYZER_NONNULL = YES;
				CLANG_CXX_LANGUAGE_STANDARD = "gnu++0x";
				CLANG_CXX_LIBRARY = "libc++";
				CLANG_ENABLE_MODULES = YES;
				CLANG_ENABLE_OBJC_ARC = YES;
				CLANG_WARN_BOOL_CONVERSION = YES;
				CLANG_WARN_CONSTANT_CONVERSION = YES;
				CLANG_WARN_DIRECT_OBJC_ISA_USAGE = YES_ERROR;
				CLANG_WARN_DOCUMENTATION_COMMENTS = YES;
				CLANG_WARN_EMPTY_BODY = YES;
				CLANG_WARN_ENUM_CONVERSION = YES;
				CLANG_WARN_INFINITE_RECURSION = YES;
				CLANG_WARN_INT_CONVERSION = YES;
				CLANG_WARN_OBJC_ROOT_CLASS = YES_ERROR;
				CLANG_WARN_SUSPICIOUS_MOVE = YES;
				CLANG_WARN_UNREACHABLE_CODE = YES;
				CLANG_WARN__DUPLICATE_METHOD_MATCH = YES;
				"CODE_SIGN_IDENTITY[sdk=iphoneos*]" = "iPhone Developer";
				COPY_PHASE_STRIP = NO;
				DEBUG_INFORMATION_FORMAT = "dwarf-with-dsym";
				ENABLE_NS_ASSERTIONS = NO;
				ENABLE_STRICT_OBJC_MSGSEND = YES;
				GCC_C_LANGUAGE_STANDARD = gnu99;
				GCC_NO_COMMON_BLOCKS = YES;
				GCC_WARN_64_TO_32_BIT_CONVERSION = YES;
				GCC_WARN_ABOUT_RETURN_TYPE = YES_ERROR;
				GCC_WARN_UNDECLARED_SELECTOR = YES;
				GCC_WARN_UNINITIALIZED_AUTOS = YES_AGGRESSIVE;
				GCC_WARN_UNUSED_FUNCTION = YES;
				GCC_WARN_UNUSED_VARIABLE = YES;
				IPHONEOS_DEPLOYMENT_TARGET = 10.0;
				MTL_ENABLE_DEBUG_INFO = NO;
				SDKROOT = iphoneos;
				SWIFT_OPTIMIZATION_LEVEL = "-Owholemodule";
				VALIDATE_PRODUCT = YES;
			};
			name = Release;
		};
		AB795CB91E8380ED00FBCCC0 /* Debug */ = {
			isa = XCBuildConfiguration;
			baseConfigurationReference = 78B18E060E328F0C1BEF7D6D /* Pods-Stock Genius.debug.xcconfig */;
			buildSettings = {
				ASSETCATALOG_COMPILER_APPICON_NAME = AppIcon;
				DEVELOPMENT_TEAM = WGMLG78T9W;
				INFOPLIST_FILE = "Stock Genius/Info.plist";
				LD_RUNPATH_SEARCH_PATHS = "$(inherited) @executable_path/Frameworks";
				PRODUCT_BUNDLE_IDENTIFIER = "com.clouser-theQwiz.Stock-Genius";
				PRODUCT_NAME = "$(TARGET_NAME)";
				SWIFT_VERSION = 3.0;
			};
			name = Debug;
		};
		AB795CBA1E8380ED00FBCCC0 /* Release */ = {
			isa = XCBuildConfiguration;
			baseConfigurationReference = 078D14E84E0C38AE62AD3F61 /* Pods-Stock Genius.release.xcconfig */;
			buildSettings = {
				ASSETCATALOG_COMPILER_APPICON_NAME = AppIcon;
				DEVELOPMENT_TEAM = WGMLG78T9W;
				INFOPLIST_FILE = "Stock Genius/Info.plist";
				LD_RUNPATH_SEARCH_PATHS = "$(inherited) @executable_path/Frameworks";
				PRODUCT_BUNDLE_IDENTIFIER = "com.clouser-theQwiz.Stock-Genius";
				PRODUCT_NAME = "$(TARGET_NAME)";
				SWIFT_VERSION = 3.0;
			};
			name = Release;
		};
/* End XCBuildConfiguration section */

/* Begin XCConfigurationList section */
		AB795C9E1E8380ED00FBCCC0 /* Build configuration list for PBXProject "Stock Genius" */ = {
			isa = XCConfigurationList;
			buildConfigurations = (
				AB795CB61E8380ED00FBCCC0 /* Debug */,
				AB795CB71E8380ED00FBCCC0 /* Release */,
			);
			defaultConfigurationIsVisible = 0;
			defaultConfigurationName = Release;
		};
		AB795CB81E8380ED00FBCCC0 /* Build configuration list for PBXNativeTarget "Stock Genius" */ = {
			isa = XCConfigurationList;
			buildConfigurations = (
				AB795CB91E8380ED00FBCCC0 /* Debug */,
				AB795CBA1E8380ED00FBCCC0 /* Release */,
			);
			defaultConfigurationIsVisible = 0;
			defaultConfigurationName = Release;
		};
/* End XCConfigurationList section */

/* Begin XCVersionGroup section */
		AB795CAD1E8380ED00FBCCC0 /* Stock_Genius.xcdatamodeld */ = {
			isa = XCVersionGroup;
			children = (
				AB795CAE1E8380ED00FBCCC0 /* Stock_Genius.xcdatamodel */,
			);
			currentVersion = AB795CAE1E8380ED00FBCCC0 /* Stock_Genius.xcdatamodel */;
			path = Stock_Genius.xcdatamodeld;
			sourceTree = "<group>";
			versionGroupType = wrapper.xcdatamodel;
		};
/* End XCVersionGroup section */
	};
	rootObject = AB795C9B1E8380ED00FBCCC0 /* Project object */;
}
