// !$*UTF8*$!
{
	archiveVersion = 1;
	classes = {
	};
	objectVersion = 46;
	objects = {

/* Begin PBXBuildFile section */
		0F113C0F1F2143E600D832D6 /* TermsVC.swift in Sources */ = {isa = PBXBuildFile; fileRef = 0F113C0E1F2143E600D832D6 /* TermsVC.swift */; };
		0F16DF8D1F0D1815006C531E /* CalculatorVC.swift in Sources */ = {isa = PBXBuildFile; fileRef = 0F16DF8C1F0D1815006C531E /* CalculatorVC.swift */; };
		0F16DF8F1F0D1820006C531E /* PastPicksVC.swift in Sources */ = {isa = PBXBuildFile; fileRef = 0F16DF8E1F0D1820006C531E /* PastPicksVC.swift */; };
		0F16DF911F0D1AAE006C531E /* ShareCalcHeaderView.swift in Sources */ = {isa = PBXBuildFile; fileRef = 0F16DF901F0D1AAE006C531E /* ShareCalcHeaderView.swift */; };
		0F16DF931F0D1C1C006C531E /* ShareCalcCell.swift in Sources */ = {isa = PBXBuildFile; fileRef = 0F16DF921F0D1C1C006C531E /* ShareCalcCell.swift */; };
		0F16DF951F0D265A006C531E /* PastPicksPerformanceView.swift in Sources */ = {isa = PBXBuildFile; fileRef = 0F16DF941F0D265A006C531E /* PastPicksPerformanceView.swift */; };
		0F16DF9B1F0D8E31006C531E /* GoogleService-Info.plist in Resources */ = {isa = PBXBuildFile; fileRef = 0F16DF9A1F0D8E31006C531E /* GoogleService-Info.plist */; };
		0F16DF9D1F0D9461006C531E /* DataStore.swift in Sources */ = {isa = PBXBuildFile; fileRef = 0F16DF9C1F0D9461006C531E /* DataStore.swift */; };
		0F16DF9F1F0D980A006C531E /* FirebaseClient.swift in Sources */ = {isa = PBXBuildFile; fileRef = 0F16DF9E1F0D980A006C531E /* FirebaseClient.swift */; };
		0F16DFA11F0E6B8C006C531E /* AlphaVantageClient.swift in Sources */ = {isa = PBXBuildFile; fileRef = 0F16DFA01F0E6B8C006C531E /* AlphaVantageClient.swift */; };
		0F16DFAC1F0F17D3006C531E /* NextTwentyCell.swift in Sources */ = {isa = PBXBuildFile; fileRef = 0F16DFAA1F0F17D3006C531E /* NextTwentyCell.swift */; };
		0F16DFAD1F0F17D3006C531E /* NextTwentyCell.xib in Resources */ = {isa = PBXBuildFile; fileRef = 0F16DFAB1F0F17D3006C531E /* NextTwentyCell.xib */; };
		0F17B7741F16CEF20064533F /* Page1.swift in Sources */ = {isa = PBXBuildFile; fileRef = 0F17B7731F16CEF20064533F /* Page1.swift */; };
		0F17B7761F17B71E0064533F /* SpinnerVC.swift in Sources */ = {isa = PBXBuildFile; fileRef = 0F17B7751F17B71E0064533F /* SpinnerVC.swift */; };
		0F17B77A1F17CA180064533F /* InvalidSubscriptionVC.swift in Sources */ = {isa = PBXBuildFile; fileRef = 0F17B7791F17CA180064533F /* InvalidSubscriptionVC.swift */; };
		0F17B77C1F1904170064533F /* Page1.xib in Resources */ = {isa = PBXBuildFile; fileRef = 0F17B77B1F1904170064533F /* Page1.xib */; };
		0F17B77E1F1911840064533F /* CircleTabView.xib in Resources */ = {isa = PBXBuildFile; fileRef = 0F17B77D1F1911840064533F /* CircleTabView.xib */; };
		0F17B7821F1912470064533F /* CircleTabView.swift in Sources */ = {isa = PBXBuildFile; fileRef = 0F17B7811F1912470064533F /* CircleTabView.swift */; };
		0F2651DB1F05366D00754D0F /* MainStockCell.swift in Sources */ = {isa = PBXBuildFile; fileRef = 0F2651DA1F05366D00754D0F /* MainStockCell.swift */; };
		0F2651DD1F05374900754D0F /* CurrentStock.swift in Sources */ = {isa = PBXBuildFile; fileRef = 0F2651DC1F05374900754D0F /* CurrentStock.swift */; };
		0F2651DF1F05390A00754D0F /* PastStock.swift in Sources */ = {isa = PBXBuildFile; fileRef = 0F2651DE1F05390A00754D0F /* PastStock.swift */; };
		0F2651E11F053A4C00754D0F /* CurrentPortfolio.swift in Sources */ = {isa = PBXBuildFile; fileRef = 0F2651E01F053A4C00754D0F /* CurrentPortfolio.swift */; };
		0F2651E31F053AF600754D0F /* PastPortfolio.swift in Sources */ = {isa = PBXBuildFile; fileRef = 0F2651E21F053AF600754D0F /* PastPortfolio.swift */; };
		0F2651E51F053BAE00754D0F /* NewsItem.swift in Sources */ = {isa = PBXBuildFile; fileRef = 0F2651E41F053BAE00754D0F /* NewsItem.swift */; };
		0F2651E81F053E4600754D0F /* Stock.swift in Sources */ = {isa = PBXBuildFile; fileRef = 0F2651E71F053E4600754D0F /* Stock.swift */; };
		0F2651EA1F05467800754D0F /* PastPicksStockCell.swift in Sources */ = {isa = PBXBuildFile; fileRef = 0F2651E91F05467800754D0F /* PastPicksStockCell.swift */; };
		0F2651EC1F05542A00754D0F /* PastPicksSummaryCell.swift in Sources */ = {isa = PBXBuildFile; fileRef = 0F2651EB1F05542A00754D0F /* PastPicksSummaryCell.swift */; };
		0F2651EE1F05583E00754D0F /* MainStockSummaryCell.swift in Sources */ = {isa = PBXBuildFile; fileRef = 0F2651ED1F05583E00754D0F /* MainStockSummaryCell.swift */; };
		0F2651F01F055D3C00754D0F /* PastPicksSectionHeaderView.swift in Sources */ = {isa = PBXBuildFile; fileRef = 0F2651EF1F055D3C00754D0F /* PastPicksSectionHeaderView.swift */; };
		0F3E2E2F1F31445E004B8CD9 /* MainStockCell.xib in Resources */ = {isa = PBXBuildFile; fileRef = 0F3E2E2E1F31445E004B8CD9 /* MainStockCell.xib */; };
		0F3E2E311F314472004B8CD9 /* MainStockSummaryCell.xib in Resources */ = {isa = PBXBuildFile; fileRef = 0F3E2E301F314472004B8CD9 /* MainStockSummaryCell.xib */; };
		0F3E2E331F31447B004B8CD9 /* NextUpdateView.xib in Resources */ = {isa = PBXBuildFile; fileRef = 0F3E2E321F31447B004B8CD9 /* NextUpdateView.xib */; };
		0F3E2E351F314482004B8CD9 /* ShareCalcCell.xib in Resources */ = {isa = PBXBuildFile; fileRef = 0F3E2E341F314482004B8CD9 /* ShareCalcCell.xib */; };
		0F3E2E371F314488004B8CD9 /* ShareCalcHeader.xib in Resources */ = {isa = PBXBuildFile; fileRef = 0F3E2E361F314488004B8CD9 /* ShareCalcHeader.xib */; };
		0F3E2E391F31449B004B8CD9 /* CalculatorInputView.xib in Resources */ = {isa = PBXBuildFile; fileRef = 0F3E2E381F31449B004B8CD9 /* CalculatorInputView.xib */; };
		0F3E2E3B1F3144AB004B8CD9 /* CalculatorInputView.swift in Sources */ = {isa = PBXBuildFile; fileRef = 0F3E2E3A1F3144AB004B8CD9 /* CalculatorInputView.swift */; };
		0F3E2E3D1F3144E2004B8CD9 /* PastPicksStockCell.xib in Resources */ = {isa = PBXBuildFile; fileRef = 0F3E2E3C1F3144E2004B8CD9 /* PastPicksStockCell.xib */; };
		0F3E2E3F1F3144E8004B8CD9 /* PastPicksSummaryCell.xib in Resources */ = {isa = PBXBuildFile; fileRef = 0F3E2E3E1F3144E8004B8CD9 /* PastPicksSummaryCell.xib */; };
		0F3E2E411F3144F0004B8CD9 /* PastPicksPerformanceView.xib in Resources */ = {isa = PBXBuildFile; fileRef = 0F3E2E401F3144F0004B8CD9 /* PastPicksPerformanceView.xib */; };
		0F3E2E431F3144F6004B8CD9 /* PastPicksSectionHeaderView.xib in Resources */ = {isa = PBXBuildFile; fileRef = 0F3E2E421F3144F6004B8CD9 /* PastPicksSectionHeaderView.xib */; };
		0F3E2E451F31454F004B8CD9 /* IAPClient.swift in Sources */ = {isa = PBXBuildFile; fileRef = 0F3E2E441F31454F004B8CD9 /* IAPClient.swift */; };
		0F5BE8F91F07F0FC00607D87 /* NextUpdateView.swift in Sources */ = {isa = PBXBuildFile; fileRef = 0F5BE8F81F07F0FC00607D87 /* NextUpdateView.swift */; };
		0F5BE8FB1F07F51400607D87 /* MainStocksSectionHeaderToggle.xib in Resources */ = {isa = PBXBuildFile; fileRef = 0F5BE8FA1F07F51400607D87 /* MainStocksSectionHeaderToggle.xib */; };
		0F5BE8FD1F07F5E200607D87 /* MainStocksSectionHeaderToggle.swift in Sources */ = {isa = PBXBuildFile; fileRef = 0F5BE8FC1F07F5E200607D87 /* MainStocksSectionHeaderToggle.swift */; };
		0F5BE8FF1F07FCBC00607D87 /* TabBarController.swift in Sources */ = {isa = PBXBuildFile; fileRef = 0F5BE8FE1F07FCBC00607D87 /* TabBarController.swift */; };
		0FFB6F311F10325C00FD8BC1 /* PastPicksNoteCell.swift in Sources */ = {isa = PBXBuildFile; fileRef = 0FFB6F2F1F10325C00FD8BC1 /* PastPicksNoteCell.swift */; };
		0FFB6F321F10325C00FD8BC1 /* PastPicksNoteCell.xib in Resources */ = {isa = PBXBuildFile; fileRef = 0FFB6F301F10325C00FD8BC1 /* PastPicksNoteCell.xib */; };
		0FFB6F3B1F13CF7100FD8BC1 /* RemainingCashCell.xib in Resources */ = {isa = PBXBuildFile; fileRef = 0FFB6F3A1F13CF6F00FD8BC1 /* RemainingCashCell.xib */; };
		0FFB6F3D1F13CFAE00FD8BC1 /* RemainingCashCell.swift in Sources */ = {isa = PBXBuildFile; fileRef = 0FFB6F3C1F13CFAE00FD8BC1 /* RemainingCashCell.swift */; };
		0FFB6F401F13D03500FD8BC1 /* DisclosureCell.swift in Sources */ = {isa = PBXBuildFile; fileRef = 0FFB6F3E1F13D03500FD8BC1 /* DisclosureCell.swift */; };
		0FFB6F411F13D03500FD8BC1 /* DisclosureCell.xib in Resources */ = {isa = PBXBuildFile; fileRef = 0FFB6F3F1F13D03500FD8BC1 /* DisclosureCell.xib */; };
		0FFB6F431F15308300FD8BC1 /* SplashScreenVC.swift in Sources */ = {isa = PBXBuildFile; fileRef = 0FFB6F421F15308300FD8BC1 /* SplashScreenVC.swift */; };
		0FFB6F471F15586000FD8BC1 /* IndividualLabelView.xib in Resources */ = {isa = PBXBuildFile; fileRef = 0FFB6F461F15586000FD8BC1 /* IndividualLabelView.xib */; };
		0FFB6F491F1558A600FD8BC1 /* IndividualLabelView.swift in Sources */ = {isa = PBXBuildFile; fileRef = 0FFB6F481F1558A600FD8BC1 /* IndividualLabelView.swift */; };
		0FFB6F4B1F15590200FD8BC1 /* LabelScrollView.xib in Resources */ = {isa = PBXBuildFile; fileRef = 0FFB6F4A1F15590200FD8BC1 /* LabelScrollView.xib */; };
		0FFB6F4D1F1559B700FD8BC1 /* LabelScrollView.swift in Sources */ = {isa = PBXBuildFile; fileRef = 0FFB6F4C1F1559B700FD8BC1 /* LabelScrollView.swift */; };
		0FFB6F4F1F15642200FD8BC1 /* IntroVC.swift in Sources */ = {isa = PBXBuildFile; fileRef = 0FFB6F4E1F15642200FD8BC1 /* IntroVC.swift */; };
		0FFB6F521F166A6200FD8BC1 /* IntroSplashScreen.xib in Resources */ = {isa = PBXBuildFile; fileRef = 0FFB6F511F166A6200FD8BC1 /* IntroSplashScreen.xib */; };
		0FFB6F541F166AA700FD8BC1 /* IntroSplashScreen.swift in Sources */ = {isa = PBXBuildFile; fileRef = 0FFB6F531F166AA700FD8BC1 /* IntroSplashScreen.swift */; };
		0FFB6F561F1676BB00FD8BC1 /* GirlView.xib in Resources */ = {isa = PBXBuildFile; fileRef = 0FFB6F551F1676BB00FD8BC1 /* GirlView.xib */; };
		0FFB6F581F1676E100FD8BC1 /* GirlView.swift in Sources */ = {isa = PBXBuildFile; fileRef = 0FFB6F571F1676E100FD8BC1 /* GirlView.swift */; };
		0FFB6F5A1F16AF3B00FD8BC1 /* LastIntroPage.xib in Resources */ = {isa = PBXBuildFile; fileRef = 0FFB6F591F16AF3B00FD8BC1 /* LastIntroPage.xib */; };
		0FFB6F5C1F16B10300FD8BC1 /* LastIntroPage.swift in Sources */ = {isa = PBXBuildFile; fileRef = 0FFB6F5B1F16B10300FD8BC1 /* LastIntroPage.swift */; };
		AB2FB9921F029BB700CA72B2 /* AppDelegate.swift in Sources */ = {isa = PBXBuildFile; fileRef = AB2FB9911F029BB700CA72B2 /* AppDelegate.swift */; };
		AB2FB9941F029BB700CA72B2 /* CurrentPicksVC.swift in Sources */ = {isa = PBXBuildFile; fileRef = AB2FB9931F029BB700CA72B2 /* CurrentPicksVC.swift */; };
		AB2FB9971F029BB700CA72B2 /* Main.storyboard in Resources */ = {isa = PBXBuildFile; fileRef = AB2FB9951F029BB700CA72B2 /* Main.storyboard */; };
		AB2FB99A1F029BB700CA72B2 /* Stock_Genius_Final.xcdatamodeld in Sources */ = {isa = PBXBuildFile; fileRef = AB2FB9981F029BB700CA72B2 /* Stock_Genius_Final.xcdatamodeld */; };
		AB2FB99C1F029BB700CA72B2 /* Assets.xcassets in Resources */ = {isa = PBXBuildFile; fileRef = AB2FB99B1F029BB700CA72B2 /* Assets.xcassets */; };
		AB2FB99F1F029BB700CA72B2 /* LaunchScreen.storyboard in Resources */ = {isa = PBXBuildFile; fileRef = AB2FB99D1F029BB700CA72B2 /* LaunchScreen.storyboard */; };
		AB2FB9A71F029D6C00CA72B2 /* TabBar.xib in Resources */ = {isa = PBXBuildFile; fileRef = AB2FB9A61F029D6C00CA72B2 /* TabBar.xib */; };
		AB2FB9A91F02BB2800CA72B2 /* TabBar.swift in Sources */ = {isa = PBXBuildFile; fileRef = AB2FB9A81F02BB2800CA72B2 /* TabBar.swift */; };
		AB2FB9AB1F02CF0200CA72B2 /* HeaderView.xib in Resources */ = {isa = PBXBuildFile; fileRef = AB2FB9AA1F02CF0200CA72B2 /* HeaderView.xib */; };
		AB2FB9AD1F02CF8300CA72B2 /* SGConstants.swift in Sources */ = {isa = PBXBuildFile; fileRef = AB2FB9AC1F02CF8300CA72B2 /* SGConstants.swift */; };
		AB2FB9AF1F02E5E600CA72B2 /* HeaderView.swift in Sources */ = {isa = PBXBuildFile; fileRef = AB2FB9AE1F02E5E600CA72B2 /* HeaderView.swift */; };
		C152982D3F833F2BE5B80B8C /* Pods_Stock_Genius_Final.framework in Frameworks */ = {isa = PBXBuildFile; fileRef = 7C74F60C7E6E21DB412592A9 /* Pods_Stock_Genius_Final.framework */; };
/* End PBXBuildFile section */

/* Begin PBXFileReference section */
		0F113C0E1F2143E600D832D6 /* TermsVC.swift */ = {isa = PBXFileReference; fileEncoding = 4; lastKnownFileType = sourcecode.swift; path = TermsVC.swift; sourceTree = "<group>"; };
		0F16DF8C1F0D1815006C531E /* CalculatorVC.swift */ = {isa = PBXFileReference; fileEncoding = 4; lastKnownFileType = sourcecode.swift; path = CalculatorVC.swift; sourceTree = "<group>"; };
		0F16DF8E1F0D1820006C531E /* PastPicksVC.swift */ = {isa = PBXFileReference; fileEncoding = 4; lastKnownFileType = sourcecode.swift; path = PastPicksVC.swift; sourceTree = "<group>"; };
		0F16DF901F0D1AAE006C531E /* ShareCalcHeaderView.swift */ = {isa = PBXFileReference; fileEncoding = 4; lastKnownFileType = sourcecode.swift; path = ShareCalcHeaderView.swift; sourceTree = "<group>"; };
		0F16DF921F0D1C1C006C531E /* ShareCalcCell.swift */ = {isa = PBXFileReference; fileEncoding = 4; lastKnownFileType = sourcecode.swift; path = ShareCalcCell.swift; sourceTree = "<group>"; };
		0F16DF941F0D265A006C531E /* PastPicksPerformanceView.swift */ = {isa = PBXFileReference; fileEncoding = 4; lastKnownFileType = sourcecode.swift; path = PastPicksPerformanceView.swift; sourceTree = "<group>"; };
		0F16DF9A1F0D8E31006C531E /* GoogleService-Info.plist */ = {isa = PBXFileReference; fileEncoding = 4; lastKnownFileType = text.plist.xml; name = "GoogleService-Info.plist"; path = "../../../Downloads/GoogleService-Info.plist"; sourceTree = "<group>"; };
		0F16DF9C1F0D9461006C531E /* DataStore.swift */ = {isa = PBXFileReference; fileEncoding = 4; lastKnownFileType = sourcecode.swift; path = DataStore.swift; sourceTree = "<group>"; };
		0F16DF9E1F0D980A006C531E /* FirebaseClient.swift */ = {isa = PBXFileReference; fileEncoding = 4; lastKnownFileType = sourcecode.swift; path = FirebaseClient.swift; sourceTree = "<group>"; };
		0F16DFA01F0E6B8C006C531E /* AlphaVantageClient.swift */ = {isa = PBXFileReference; fileEncoding = 4; lastKnownFileType = sourcecode.swift; path = AlphaVantageClient.swift; sourceTree = "<group>"; };
		0F16DFAA1F0F17D3006C531E /* NextTwentyCell.swift */ = {isa = PBXFileReference; fileEncoding = 4; lastKnownFileType = sourcecode.swift; path = NextTwentyCell.swift; sourceTree = "<group>"; };
		0F16DFAB1F0F17D3006C531E /* NextTwentyCell.xib */ = {isa = PBXFileReference; fileEncoding = 4; lastKnownFileType = file.xib; path = NextTwentyCell.xib; sourceTree = "<group>"; };
		0F17B7731F16CEF20064533F /* Page1.swift */ = {isa = PBXFileReference; fileEncoding = 4; lastKnownFileType = sourcecode.swift; path = Page1.swift; sourceTree = "<group>"; };
		0F17B7751F17B71E0064533F /* SpinnerVC.swift */ = {isa = PBXFileReference; fileEncoding = 4; lastKnownFileType = sourcecode.swift; path = SpinnerVC.swift; sourceTree = "<group>"; };
		0F17B7791F17CA180064533F /* InvalidSubscriptionVC.swift */ = {isa = PBXFileReference; fileEncoding = 4; lastKnownFileType = sourcecode.swift; path = InvalidSubscriptionVC.swift; sourceTree = "<group>"; };
		0F17B77B1F1904170064533F /* Page1.xib */ = {isa = PBXFileReference; fileEncoding = 4; lastKnownFileType = file.xib; path = Page1.xib; sourceTree = "<group>"; };
		0F17B77D1F1911840064533F /* CircleTabView.xib */ = {isa = PBXFileReference; fileEncoding = 4; lastKnownFileType = file.xib; path = CircleTabView.xib; sourceTree = "<group>"; };
		0F17B7811F1912470064533F /* CircleTabView.swift */ = {isa = PBXFileReference; fileEncoding = 4; lastKnownFileType = sourcecode.swift; path = CircleTabView.swift; sourceTree = "<group>"; };
		0F2651DA1F05366D00754D0F /* MainStockCell.swift */ = {isa = PBXFileReference; fileEncoding = 4; lastKnownFileType = sourcecode.swift; path = MainStockCell.swift; sourceTree = "<group>"; };
		0F2651DC1F05374900754D0F /* CurrentStock.swift */ = {isa = PBXFileReference; fileEncoding = 4; lastKnownFileType = sourcecode.swift; path = CurrentStock.swift; sourceTree = "<group>"; };
		0F2651DE1F05390A00754D0F /* PastStock.swift */ = {isa = PBXFileReference; fileEncoding = 4; lastKnownFileType = sourcecode.swift; path = PastStock.swift; sourceTree = "<group>"; };
		0F2651E01F053A4C00754D0F /* CurrentPortfolio.swift */ = {isa = PBXFileReference; fileEncoding = 4; lastKnownFileType = sourcecode.swift; path = CurrentPortfolio.swift; sourceTree = "<group>"; };
		0F2651E21F053AF600754D0F /* PastPortfolio.swift */ = {isa = PBXFileReference; fileEncoding = 4; lastKnownFileType = sourcecode.swift; path = PastPortfolio.swift; sourceTree = "<group>"; };
		0F2651E41F053BAE00754D0F /* NewsItem.swift */ = {isa = PBXFileReference; fileEncoding = 4; lastKnownFileType = sourcecode.swift; path = NewsItem.swift; sourceTree = "<group>"; };
		0F2651E71F053E4600754D0F /* Stock.swift */ = {isa = PBXFileReference; fileEncoding = 4; lastKnownFileType = sourcecode.swift; path = Stock.swift; sourceTree = "<group>"; };
		0F2651E91F05467800754D0F /* PastPicksStockCell.swift */ = {isa = PBXFileReference; fileEncoding = 4; lastKnownFileType = sourcecode.swift; path = PastPicksStockCell.swift; sourceTree = "<group>"; };
		0F2651EB1F05542A00754D0F /* PastPicksSummaryCell.swift */ = {isa = PBXFileReference; fileEncoding = 4; lastKnownFileType = sourcecode.swift; path = PastPicksSummaryCell.swift; sourceTree = "<group>"; };
		0F2651ED1F05583E00754D0F /* MainStockSummaryCell.swift */ = {isa = PBXFileReference; fileEncoding = 4; lastKnownFileType = sourcecode.swift; path = MainStockSummaryCell.swift; sourceTree = "<group>"; };
		0F2651EF1F055D3C00754D0F /* PastPicksSectionHeaderView.swift */ = {isa = PBXFileReference; fileEncoding = 4; lastKnownFileType = sourcecode.swift; path = PastPicksSectionHeaderView.swift; sourceTree = "<group>"; };
		0F3E2E2E1F31445E004B8CD9 /* MainStockCell.xib */ = {isa = PBXFileReference; fileEncoding = 4; lastKnownFileType = file.xib; path = MainStockCell.xib; sourceTree = "<group>"; };
		0F3E2E301F314472004B8CD9 /* MainStockSummaryCell.xib */ = {isa = PBXFileReference; fileEncoding = 4; lastKnownFileType = file.xib; path = MainStockSummaryCell.xib; sourceTree = "<group>"; };
		0F3E2E321F31447B004B8CD9 /* NextUpdateView.xib */ = {isa = PBXFileReference; fileEncoding = 4; lastKnownFileType = file.xib; path = NextUpdateView.xib; sourceTree = "<group>"; };
		0F3E2E341F314482004B8CD9 /* ShareCalcCell.xib */ = {isa = PBXFileReference; fileEncoding = 4; lastKnownFileType = file.xib; path = ShareCalcCell.xib; sourceTree = "<group>"; };
		0F3E2E361F314488004B8CD9 /* ShareCalcHeader.xib */ = {isa = PBXFileReference; fileEncoding = 4; lastKnownFileType = file.xib; path = ShareCalcHeader.xib; sourceTree = "<group>"; };
		0F3E2E381F31449B004B8CD9 /* CalculatorInputView.xib */ = {isa = PBXFileReference; fileEncoding = 4; lastKnownFileType = file.xib; path = CalculatorInputView.xib; sourceTree = "<group>"; };
		0F3E2E3A1F3144AB004B8CD9 /* CalculatorInputView.swift */ = {isa = PBXFileReference; fileEncoding = 4; lastKnownFileType = sourcecode.swift; path = CalculatorInputView.swift; sourceTree = "<group>"; };
		0F3E2E3C1F3144E2004B8CD9 /* PastPicksStockCell.xib */ = {isa = PBXFileReference; fileEncoding = 4; lastKnownFileType = file.xib; path = PastPicksStockCell.xib; sourceTree = "<group>"; };
		0F3E2E3E1F3144E8004B8CD9 /* PastPicksSummaryCell.xib */ = {isa = PBXFileReference; fileEncoding = 4; lastKnownFileType = file.xib; path = PastPicksSummaryCell.xib; sourceTree = "<group>"; };
		0F3E2E401F3144F0004B8CD9 /* PastPicksPerformanceView.xib */ = {isa = PBXFileReference; fileEncoding = 4; lastKnownFileType = file.xib; path = PastPicksPerformanceView.xib; sourceTree = "<group>"; };
		0F3E2E421F3144F6004B8CD9 /* PastPicksSectionHeaderView.xib */ = {isa = PBXFileReference; fileEncoding = 4; lastKnownFileType = file.xib; path = PastPicksSectionHeaderView.xib; sourceTree = "<group>"; };
		0F3E2E441F31454F004B8CD9 /* IAPClient.swift */ = {isa = PBXFileReference; fileEncoding = 4; lastKnownFileType = sourcecode.swift; path = IAPClient.swift; sourceTree = "<group>"; };
		0F5BE8F81F07F0FC00607D87 /* NextUpdateView.swift */ = {isa = PBXFileReference; fileEncoding = 4; lastKnownFileType = sourcecode.swift; path = NextUpdateView.swift; sourceTree = "<group>"; };
		0F5BE8FA1F07F51400607D87 /* MainStocksSectionHeaderToggle.xib */ = {isa = PBXFileReference; fileEncoding = 4; lastKnownFileType = file.xib; path = MainStocksSectionHeaderToggle.xib; sourceTree = "<group>"; };
		0F5BE8FC1F07F5E200607D87 /* MainStocksSectionHeaderToggle.swift */ = {isa = PBXFileReference; fileEncoding = 4; lastKnownFileType = sourcecode.swift; path = MainStocksSectionHeaderToggle.swift; sourceTree = "<group>"; };
		0F5BE8FE1F07FCBC00607D87 /* TabBarController.swift */ = {isa = PBXFileReference; fileEncoding = 4; lastKnownFileType = sourcecode.swift; path = TabBarController.swift; sourceTree = "<group>"; };
		0FFB6F2F1F10325C00FD8BC1 /* PastPicksNoteCell.swift */ = {isa = PBXFileReference; fileEncoding = 4; lastKnownFileType = sourcecode.swift; path = PastPicksNoteCell.swift; sourceTree = "<group>"; };
		0FFB6F301F10325C00FD8BC1 /* PastPicksNoteCell.xib */ = {isa = PBXFileReference; fileEncoding = 4; lastKnownFileType = file.xib; path = PastPicksNoteCell.xib; sourceTree = "<group>"; };
		0FFB6F3A1F13CF6F00FD8BC1 /* RemainingCashCell.xib */ = {isa = PBXFileReference; fileEncoding = 4; lastKnownFileType = file.xib; path = RemainingCashCell.xib; sourceTree = "<group>"; };
		0FFB6F3C1F13CFAE00FD8BC1 /* RemainingCashCell.swift */ = {isa = PBXFileReference; fileEncoding = 4; lastKnownFileType = sourcecode.swift; path = RemainingCashCell.swift; sourceTree = "<group>"; };
		0FFB6F3E1F13D03500FD8BC1 /* DisclosureCell.swift */ = {isa = PBXFileReference; fileEncoding = 4; lastKnownFileType = sourcecode.swift; path = DisclosureCell.swift; sourceTree = "<group>"; };
		0FFB6F3F1F13D03500FD8BC1 /* DisclosureCell.xib */ = {isa = PBXFileReference; fileEncoding = 4; lastKnownFileType = file.xib; path = DisclosureCell.xib; sourceTree = "<group>"; };
		0FFB6F421F15308300FD8BC1 /* SplashScreenVC.swift */ = {isa = PBXFileReference; fileEncoding = 4; lastKnownFileType = sourcecode.swift; path = SplashScreenVC.swift; sourceTree = "<group>"; };
		0FFB6F461F15586000FD8BC1 /* IndividualLabelView.xib */ = {isa = PBXFileReference; fileEncoding = 4; lastKnownFileType = file.xib; path = IndividualLabelView.xib; sourceTree = "<group>"; };
		0FFB6F481F1558A600FD8BC1 /* IndividualLabelView.swift */ = {isa = PBXFileReference; fileEncoding = 4; lastKnownFileType = sourcecode.swift; path = IndividualLabelView.swift; sourceTree = "<group>"; };
		0FFB6F4A1F15590200FD8BC1 /* LabelScrollView.xib */ = {isa = PBXFileReference; fileEncoding = 4; lastKnownFileType = file.xib; path = LabelScrollView.xib; sourceTree = "<group>"; };
		0FFB6F4C1F1559B700FD8BC1 /* LabelScrollView.swift */ = {isa = PBXFileReference; fileEncoding = 4; lastKnownFileType = sourcecode.swift; path = LabelScrollView.swift; sourceTree = "<group>"; };
		0FFB6F4E1F15642200FD8BC1 /* IntroVC.swift */ = {isa = PBXFileReference; fileEncoding = 4; lastKnownFileType = sourcecode.swift; path = IntroVC.swift; sourceTree = "<group>"; };
		0FFB6F511F166A6200FD8BC1 /* IntroSplashScreen.xib */ = {isa = PBXFileReference; fileEncoding = 4; lastKnownFileType = file.xib; path = IntroSplashScreen.xib; sourceTree = "<group>"; };
		0FFB6F531F166AA700FD8BC1 /* IntroSplashScreen.swift */ = {isa = PBXFileReference; fileEncoding = 4; lastKnownFileType = sourcecode.swift; path = IntroSplashScreen.swift; sourceTree = "<group>"; };
		0FFB6F551F1676BB00FD8BC1 /* GirlView.xib */ = {isa = PBXFileReference; fileEncoding = 4; lastKnownFileType = file.xib; path = GirlView.xib; sourceTree = "<group>"; };
		0FFB6F571F1676E100FD8BC1 /* GirlView.swift */ = {isa = PBXFileReference; fileEncoding = 4; lastKnownFileType = sourcecode.swift; path = GirlView.swift; sourceTree = "<group>"; };
		0FFB6F591F16AF3B00FD8BC1 /* LastIntroPage.xib */ = {isa = PBXFileReference; fileEncoding = 4; lastKnownFileType = file.xib; path = LastIntroPage.xib; sourceTree = "<group>"; };
		0FFB6F5B1F16B10300FD8BC1 /* LastIntroPage.swift */ = {isa = PBXFileReference; fileEncoding = 4; lastKnownFileType = sourcecode.swift; path = LastIntroPage.swift; sourceTree = "<group>"; };
		16B62DAFE1F169F454536BAB /* Pods-Stock Genius Final.release.xcconfig */ = {isa = PBXFileReference; includeInIndex = 1; lastKnownFileType = text.xcconfig; name = "Pods-Stock Genius Final.release.xcconfig"; path = "Pods/Target Support Files/Pods-Stock Genius Final/Pods-Stock Genius Final.release.xcconfig"; sourceTree = "<group>"; };
		7C74F60C7E6E21DB412592A9 /* Pods_Stock_Genius_Final.framework */ = {isa = PBXFileReference; explicitFileType = wrapper.framework; includeInIndex = 0; path = Pods_Stock_Genius_Final.framework; sourceTree = BUILT_PRODUCTS_DIR; };
		AB2FB98E1F029BB700CA72B2 /* Stock Genius Final.app */ = {isa = PBXFileReference; explicitFileType = wrapper.application; includeInIndex = 0; path = "Stock Genius Final.app"; sourceTree = BUILT_PRODUCTS_DIR; };
		AB2FB9911F029BB700CA72B2 /* AppDelegate.swift */ = {isa = PBXFileReference; lastKnownFileType = sourcecode.swift; path = AppDelegate.swift; sourceTree = "<group>"; };
		AB2FB9931F029BB700CA72B2 /* CurrentPicksVC.swift */ = {isa = PBXFileReference; lastKnownFileType = sourcecode.swift; path = CurrentPicksVC.swift; sourceTree = "<group>"; };
		AB2FB9961F029BB700CA72B2 /* Base */ = {isa = PBXFileReference; lastKnownFileType = file.storyboard; name = Base; path = Base.lproj/Main.storyboard; sourceTree = "<group>"; };
		AB2FB9991F029BB700CA72B2 /* Stock_Genius_Final.xcdatamodel */ = {isa = PBXFileReference; lastKnownFileType = wrapper.xcdatamodel; path = Stock_Genius_Final.xcdatamodel; sourceTree = "<group>"; };
		AB2FB99B1F029BB700CA72B2 /* Assets.xcassets */ = {isa = PBXFileReference; lastKnownFileType = folder.assetcatalog; path = Assets.xcassets; sourceTree = "<group>"; };
		AB2FB99E1F029BB700CA72B2 /* Base */ = {isa = PBXFileReference; lastKnownFileType = file.storyboard; name = Base; path = Base.lproj/LaunchScreen.storyboard; sourceTree = "<group>"; };
		AB2FB9A01F029BB700CA72B2 /* Info.plist */ = {isa = PBXFileReference; lastKnownFileType = text.plist.xml; path = Info.plist; sourceTree = "<group>"; };
		AB2FB9A61F029D6C00CA72B2 /* TabBar.xib */ = {isa = PBXFileReference; fileEncoding = 4; lastKnownFileType = file.xib; path = TabBar.xib; sourceTree = "<group>"; };
		AB2FB9A81F02BB2800CA72B2 /* TabBar.swift */ = {isa = PBXFileReference; fileEncoding = 4; lastKnownFileType = sourcecode.swift; path = TabBar.swift; sourceTree = "<group>"; };
		AB2FB9AA1F02CF0200CA72B2 /* HeaderView.xib */ = {isa = PBXFileReference; fileEncoding = 4; lastKnownFileType = file.xib; path = HeaderView.xib; sourceTree = "<group>"; };
		AB2FB9AC1F02CF8300CA72B2 /* SGConstants.swift */ = {isa = PBXFileReference; fileEncoding = 4; lastKnownFileType = sourcecode.swift; path = SGConstants.swift; sourceTree = "<group>"; };
		AB2FB9AE1F02E5E600CA72B2 /* HeaderView.swift */ = {isa = PBXFileReference; fileEncoding = 4; lastKnownFileType = sourcecode.swift; path = HeaderView.swift; sourceTree = "<group>"; };
		D7A6D99B9C4D2906E749D4F2 /* Pods-Stock Genius Final.debug.xcconfig */ = {isa = PBXFileReference; includeInIndex = 1; lastKnownFileType = text.xcconfig; name = "Pods-Stock Genius Final.debug.xcconfig"; path = "Pods/Target Support Files/Pods-Stock Genius Final/Pods-Stock Genius Final.debug.xcconfig"; sourceTree = "<group>"; };
/* End PBXFileReference section */

/* Begin PBXFrameworksBuildPhase section */
		AB2FB98B1F029BB700CA72B2 /* Frameworks */ = {
			isa = PBXFrameworksBuildPhase;
			buildActionMask = 2147483647;
			files = (
				C152982D3F833F2BE5B80B8C /* Pods_Stock_Genius_Final.framework in Frameworks */,
			);
			runOnlyForDeploymentPostprocessing = 0;
		};
/* End PBXFrameworksBuildPhase section */

/* Begin PBXGroup section */
		06F23E7B7F4C4CAD505C5FFD /* Pods */ = {
			isa = PBXGroup;
			children = (
				D7A6D99B9C4D2906E749D4F2 /* Pods-Stock Genius Final.debug.xcconfig */,
				16B62DAFE1F169F454536BAB /* Pods-Stock Genius Final.release.xcconfig */,
			);
			name = Pods;
			sourceTree = "<group>";
		};
		0F2651E61F053C2500754D0F /* Model */ = {
			isa = PBXGroup;
			children = (
				0F2651DC1F05374900754D0F /* CurrentStock.swift */,
				0F2651E41F053BAE00754D0F /* NewsItem.swift */,
				0F2651E01F053A4C00754D0F /* CurrentPortfolio.swift */,
				0F2651E71F053E4600754D0F /* Stock.swift */,
				0F2651E21F053AF600754D0F /* PastPortfolio.swift */,
				0F2651DE1F05390A00754D0F /* PastStock.swift */,
			);
			name = Model;
			sourceTree = "<group>";
		};
		0FFB6F331F1274E300FD8BC1 /* CurrentPicks */ = {
			isa = PBXGroup;
			children = (
				AB2FB9931F029BB700CA72B2 /* CurrentPicksVC.swift */,
				0F3E2E2E1F31445E004B8CD9 /* MainStockCell.xib */,
				0F2651DA1F05366D00754D0F /* MainStockCell.swift */,
				0F16DFAA1F0F17D3006C531E /* NextTwentyCell.swift */,
				0F16DFAB1F0F17D3006C531E /* NextTwentyCell.xib */,
				0F5BE8FA1F07F51400607D87 /* MainStocksSectionHeaderToggle.xib */,
				0F5BE8FC1F07F5E200607D87 /* MainStocksSectionHeaderToggle.swift */,
				0F3E2E301F314472004B8CD9 /* MainStockSummaryCell.xib */,
				0F2651ED1F05583E00754D0F /* MainStockSummaryCell.swift */,
				0F3E2E321F31447B004B8CD9 /* NextUpdateView.xib */,
				0F5BE8F81F07F0FC00607D87 /* NextUpdateView.swift */,
			);
			name = CurrentPicks;
			sourceTree = "<group>";
		};
		0FFB6F341F12751F00FD8BC1 /* ShareCalculator */ = {
			isa = PBXGroup;
			children = (
				0F16DF8C1F0D1815006C531E /* CalculatorVC.swift */,
				0F16DF921F0D1C1C006C531E /* ShareCalcCell.swift */,
				0F3E2E341F314482004B8CD9 /* ShareCalcCell.xib */,
				0FFB6F3A1F13CF6F00FD8BC1 /* RemainingCashCell.xib */,
				0FFB6F3C1F13CFAE00FD8BC1 /* RemainingCashCell.swift */,
				0FFB6F3E1F13D03500FD8BC1 /* DisclosureCell.swift */,
				0FFB6F3F1F13D03500FD8BC1 /* DisclosureCell.xib */,
				0F3E2E361F314488004B8CD9 /* ShareCalcHeader.xib */,
				0F16DF901F0D1AAE006C531E /* ShareCalcHeaderView.swift */,
				0F3E2E381F31449B004B8CD9 /* CalculatorInputView.xib */,
				0F3E2E3A1F3144AB004B8CD9 /* CalculatorInputView.swift */,
			);
			name = ShareCalculator;
			sourceTree = "<group>";
		};
		0FFB6F351F12753C00FD8BC1 /* PastPicks */ = {
			isa = PBXGroup;
			children = (
				0F16DF8E1F0D1820006C531E /* PastPicksVC.swift */,
				0FFB6F2F1F10325C00FD8BC1 /* PastPicksNoteCell.swift */,
				0FFB6F301F10325C00FD8BC1 /* PastPicksNoteCell.xib */,
				0F3E2E3C1F3144E2004B8CD9 /* PastPicksStockCell.xib */,
				0F2651E91F05467800754D0F /* PastPicksStockCell.swift */,
				0F2651EB1F05542A00754D0F /* PastPicksSummaryCell.swift */,
				0F3E2E3E1F3144E8004B8CD9 /* PastPicksSummaryCell.xib */,
				0F3E2E401F3144F0004B8CD9 /* PastPicksPerformanceView.xib */,
				0F16DF941F0D265A006C531E /* PastPicksPerformanceView.swift */,
				0F3E2E421F3144F6004B8CD9 /* PastPicksSectionHeaderView.xib */,
				0F2651EF1F055D3C00754D0F /* PastPicksSectionHeaderView.swift */,
			);
			name = PastPicks;
			sourceTree = "<group>";
		};
		0FFB6F441F15582800FD8BC1 /* SplashScreen */ = {
			isa = PBXGroup;
			children = (
				0F17B7791F17CA180064533F /* InvalidSubscriptionVC.swift */,
				0FFB6F421F15308300FD8BC1 /* SplashScreenVC.swift */,
				0FFB6F461F15586000FD8BC1 /* IndividualLabelView.xib */,
				0FFB6F4A1F15590200FD8BC1 /* LabelScrollView.xib */,
				0FFB6F4C1F1559B700FD8BC1 /* LabelScrollView.swift */,
				0FFB6F481F1558A600FD8BC1 /* IndividualLabelView.swift */,
			);
			name = SplashScreen;
			sourceTree = "<group>";
		};
		0FFB6F501F166A4F00FD8BC1 /* Intro */ = {
			isa = PBXGroup;
			children = (
				0FFB6F4E1F15642200FD8BC1 /* IntroVC.swift */,
				0FFB6F511F166A6200FD8BC1 /* IntroSplashScreen.xib */,
				0F17B77D1F1911840064533F /* CircleTabView.xib */,
				0F17B7811F1912470064533F /* CircleTabView.swift */,
				0F113C0E1F2143E600D832D6 /* TermsVC.swift */,
				0F17B7751F17B71E0064533F /* SpinnerVC.swift */,
				0FFB6F531F166AA700FD8BC1 /* IntroSplashScreen.swift */,
				0F17B7731F16CEF20064533F /* Page1.swift */,
				0F17B77B1F1904170064533F /* Page1.xib */,
				0FFB6F591F16AF3B00FD8BC1 /* LastIntroPage.xib */,
				0FFB6F5B1F16B10300FD8BC1 /* LastIntroPage.swift */,
				0FFB6F551F1676BB00FD8BC1 /* GirlView.xib */,
				0FFB6F571F1676E100FD8BC1 /* GirlView.swift */,
			);
			name = Intro;
			sourceTree = "<group>";
		};
		95E535158A9275AAFFF6958B /* Frameworks */ = {
			isa = PBXGroup;
			children = (
				7C74F60C7E6E21DB412592A9 /* Pods_Stock_Genius_Final.framework */,
			);
			name = Frameworks;
			sourceTree = "<group>";
		};
		AB2FB9851F029BB700CA72B2 = {
			isa = PBXGroup;
			children = (
				AB2FB9901F029BB700CA72B2 /* Stock Genius Final */,
				AB2FB98F1F029BB700CA72B2 /* Products */,
				06F23E7B7F4C4CAD505C5FFD /* Pods */,
				95E535158A9275AAFFF6958B /* Frameworks */,
			);
			sourceTree = "<group>";
		};
		AB2FB98F1F029BB700CA72B2 /* Products */ = {
			isa = PBXGroup;
			children = (
				AB2FB98E1F029BB700CA72B2 /* Stock Genius Final.app */,
			);
			name = Products;
			sourceTree = "<group>";
		};
		AB2FB9901F029BB700CA72B2 /* Stock Genius Final */ = {
			isa = PBXGroup;
			children = (
				AB2FB9911F029BB700CA72B2 /* AppDelegate.swift */,
				AB2FB9951F029BB700CA72B2 /* Main.storyboard */,
				0F16DFA01F0E6B8C006C531E /* AlphaVantageClient.swift */,
				0F16DF9C1F0D9461006C531E /* DataStore.swift */,
				0F16DF9E1F0D980A006C531E /* FirebaseClient.swift */,
				0F5BE8FE1F07FCBC00607D87 /* TabBarController.swift */,
				0F3E2E441F31454F004B8CD9 /* IAPClient.swift */,
				AB2FB9AC1F02CF8300CA72B2 /* SGConstants.swift */,
				AB2FB9A81F02BB2800CA72B2 /* TabBar.swift */,
				AB2FB9A61F029D6C00CA72B2 /* TabBar.xib */,
				AB2FB9AA1F02CF0200CA72B2 /* HeaderView.xib */,
				AB2FB9AE1F02E5E600CA72B2 /* HeaderView.swift */,
				0FFB6F501F166A4F00FD8BC1 /* Intro */,
				0FFB6F441F15582800FD8BC1 /* SplashScreen */,
				0FFB6F331F1274E300FD8BC1 /* CurrentPicks */,
				0FFB6F341F12751F00FD8BC1 /* ShareCalculator */,
				0FFB6F351F12753C00FD8BC1 /* PastPicks */,
				0F2651E61F053C2500754D0F /* Model */,
				AB2FB99B1F029BB700CA72B2 /* Assets.xcassets */,
				AB2FB99D1F029BB700CA72B2 /* LaunchScreen.storyboard */,
				AB2FB9A01F029BB700CA72B2 /* Info.plist */,
				0F16DF9A1F0D8E31006C531E /* GoogleService-Info.plist */,
				AB2FB9981F029BB700CA72B2 /* Stock_Genius_Final.xcdatamodeld */,
			);
			path = "Stock Genius Final";
			sourceTree = "<group>";
		};
/* End PBXGroup section */

/* Begin PBXNativeTarget section */
		AB2FB98D1F029BB700CA72B2 /* Stock Genius Final */ = {
			isa = PBXNativeTarget;
			buildConfigurationList = AB2FB9A31F029BB700CA72B2 /* Build configuration list for PBXNativeTarget "Stock Genius Final" */;
			buildPhases = (
				0BC8E38538F8CFB26C922A72 /* [CP] Check Pods Manifest.lock */,
				AB2FB98A1F029BB700CA72B2 /* Sources */,
				AB2FB98B1F029BB700CA72B2 /* Frameworks */,
				AB2FB98C1F029BB700CA72B2 /* Resources */,
				51B2C236F3142DFFEA398768 /* [CP] Embed Pods Frameworks */,
				DAE7422C4A34954E2FF0E452 /* [CP] Copy Pods Resources */,
			);
			buildRules = (
			);
			dependencies = (
			);
			name = "Stock Genius Final";
			productName = "Stock Genius Final";
			productReference = AB2FB98E1F029BB700CA72B2 /* Stock Genius Final.app */;
			productType = "com.apple.product-type.application";
		};
/* End PBXNativeTarget section */

/* Begin PBXProject section */
		AB2FB9861F029BB700CA72B2 /* Project object */ = {
			isa = PBXProject;
			attributes = {
				LastSwiftUpdateCheck = 0830;
				LastUpgradeCheck = 0830;
				ORGANIZATIONNAME = Clouser;
				TargetAttributes = {
					AB2FB98D1F029BB700CA72B2 = {
						CreatedOnToolsVersion = 8.3.2;
						DevelopmentTeam = WGMLG78T9W;
						ProvisioningStyle = Automatic;
					};
				};
			};
			buildConfigurationList = AB2FB9891F029BB700CA72B2 /* Build configuration list for PBXProject "Stock Genius Final" */;
			compatibilityVersion = "Xcode 3.2";
			developmentRegion = English;
			hasScannedForEncodings = 0;
			knownRegions = (
				en,
				Base,
			);
			mainGroup = AB2FB9851F029BB700CA72B2;
			productRefGroup = AB2FB98F1F029BB700CA72B2 /* Products */;
			projectDirPath = "";
			projectRoot = "";
			targets = (
				AB2FB98D1F029BB700CA72B2 /* Stock Genius Final */,
			);
		};
/* End PBXProject section */

/* Begin PBXResourcesBuildPhase section */
		AB2FB98C1F029BB700CA72B2 /* Resources */ = {
			isa = PBXResourcesBuildPhase;
			buildActionMask = 2147483647;
			files = (
				AB2FB99F1F029BB700CA72B2 /* LaunchScreen.storyboard in Resources */,
				0F5BE8FB1F07F51400607D87 /* MainStocksSectionHeaderToggle.xib in Resources */,
				0F3E2E391F31449B004B8CD9 /* CalculatorInputView.xib in Resources */,
				0F3E2E2F1F31445E004B8CD9 /* MainStockCell.xib in Resources */,
				0FFB6F5A1F16AF3B00FD8BC1 /* LastIntroPage.xib in Resources */,
				0FFB6F3B1F13CF7100FD8BC1 /* RemainingCashCell.xib in Resources */,
				AB2FB9AB1F02CF0200CA72B2 /* HeaderView.xib in Resources */,
				0FFB6F521F166A6200FD8BC1 /* IntroSplashScreen.xib in Resources */,
				0F3E2E3D1F3144E2004B8CD9 /* PastPicksStockCell.xib in Resources */,
				0FFB6F4B1F15590200FD8BC1 /* LabelScrollView.xib in Resources */,
				0FFB6F321F10325C00FD8BC1 /* PastPicksNoteCell.xib in Resources */,
				0F17B77C1F1904170064533F /* Page1.xib in Resources */,
				0F3E2E311F314472004B8CD9 /* MainStockSummaryCell.xib in Resources */,
				0F3E2E411F3144F0004B8CD9 /* PastPicksPerformanceView.xib in Resources */,
				0F3E2E3F1F3144E8004B8CD9 /* PastPicksSummaryCell.xib in Resources */,
				0F3E2E371F314488004B8CD9 /* ShareCalcHeader.xib in Resources */,
				AB2FB99C1F029BB700CA72B2 /* Assets.xcassets in Resources */,
				0F16DFAD1F0F17D3006C531E /* NextTwentyCell.xib in Resources */,
				0F3E2E351F314482004B8CD9 /* ShareCalcCell.xib in Resources */,
				AB2FB9971F029BB700CA72B2 /* Main.storyboard in Resources */,
				0F3E2E331F31447B004B8CD9 /* NextUpdateView.xib in Resources */,
				0F16DF9B1F0D8E31006C531E /* GoogleService-Info.plist in Resources */,
				0FFB6F411F13D03500FD8BC1 /* DisclosureCell.xib in Resources */,
				0F3E2E431F3144F6004B8CD9 /* PastPicksSectionHeaderView.xib in Resources */,
				0F17B77E1F1911840064533F /* CircleTabView.xib in Resources */,
				0FFB6F471F15586000FD8BC1 /* IndividualLabelView.xib in Resources */,
				AB2FB9A71F029D6C00CA72B2 /* TabBar.xib in Resources */,
				0FFB6F561F1676BB00FD8BC1 /* GirlView.xib in Resources */,
			);
			runOnlyForDeploymentPostprocessing = 0;
		};
/* End PBXResourcesBuildPhase section */

/* Begin PBXShellScriptBuildPhase section */
		0BC8E38538F8CFB26C922A72 /* [CP] Check Pods Manifest.lock */ = {
			isa = PBXShellScriptBuildPhase;
			buildActionMask = 2147483647;
			files = (
			);
			inputPaths = (
			);
			name = "[CP] Check Pods Manifest.lock";
			outputPaths = (
			);
			runOnlyForDeploymentPostprocessing = 0;
			shellPath = /bin/sh;
			shellScript = "diff \"${PODS_PODFILE_DIR_PATH}/Podfile.lock\" \"${PODS_ROOT}/Manifest.lock\" > /dev/null\nif [ $? != 0 ] ; then\n    # print error to STDERR\n    echo \"error: The sandbox is not in sync with the Podfile.lock. Run 'pod install' or update your CocoaPods installation.\" >&2\n    exit 1\nfi\n";
			showEnvVarsInLog = 0;
		};
		51B2C236F3142DFFEA398768 /* [CP] Embed Pods Frameworks */ = {
			isa = PBXShellScriptBuildPhase;
			buildActionMask = 2147483647;
			files = (
			);
			inputPaths = (
			);
			name = "[CP] Embed Pods Frameworks";
			outputPaths = (
			);
			runOnlyForDeploymentPostprocessing = 0;
			shellPath = /bin/sh;
			shellScript = "\"${SRCROOT}/Pods/Target Support Files/Pods-Stock Genius Final/Pods-Stock Genius Final-frameworks.sh\"\n";
			showEnvVarsInLog = 0;
		};
		DAE7422C4A34954E2FF0E452 /* [CP] Copy Pods Resources */ = {
			isa = PBXShellScriptBuildPhase;
			buildActionMask = 2147483647;
			files = (
			);
			inputPaths = (
			);
			name = "[CP] Copy Pods Resources";
			outputPaths = (
			);
			runOnlyForDeploymentPostprocessing = 0;
			shellPath = /bin/sh;
			shellScript = "\"${SRCROOT}/Pods/Target Support Files/Pods-Stock Genius Final/Pods-Stock Genius Final-resources.sh\"\n";
			showEnvVarsInLog = 0;
		};
/* End PBXShellScriptBuildPhase section */

/* Begin PBXSourcesBuildPhase section */
		AB2FB98A1F029BB700CA72B2 /* Sources */ = {
			isa = PBXSourcesBuildPhase;
			buildActionMask = 2147483647;
			files = (
				0F113C0F1F2143E600D832D6 /* TermsVC.swift in Sources */,
				0F16DF951F0D265A006C531E /* PastPicksPerformanceView.swift in Sources */,
				0F16DF911F0D1AAE006C531E /* ShareCalcHeaderView.swift in Sources */,
				0F17B7741F16CEF20064533F /* Page1.swift in Sources */,
				0F2651F01F055D3C00754D0F /* PastPicksSectionHeaderView.swift in Sources */,
				0F16DF8F1F0D1820006C531E /* PastPicksVC.swift in Sources */,
				0F17B7821F1912470064533F /* CircleTabView.swift in Sources */,
				0F2651DF1F05390A00754D0F /* PastStock.swift in Sources */,
				0F16DF931F0D1C1C006C531E /* ShareCalcCell.swift in Sources */,
				0F3E2E451F31454F004B8CD9 /* IAPClient.swift in Sources */,
				0F5BE8FD1F07F5E200607D87 /* MainStocksSectionHeaderToggle.swift in Sources */,
				0F16DF9D1F0D9461006C531E /* DataStore.swift in Sources */,
				0F2651E51F053BAE00754D0F /* NewsItem.swift in Sources */,
				AB2FB9941F029BB700CA72B2 /* CurrentPicksVC.swift in Sources */,
				0F16DF8D1F0D1815006C531E /* CalculatorVC.swift in Sources */,
				0F17B7761F17B71E0064533F /* SpinnerVC.swift in Sources */,
				0FFB6F5C1F16B10300FD8BC1 /* LastIntroPage.swift in Sources */,
				0FFB6F3D1F13CFAE00FD8BC1 /* RemainingCashCell.swift in Sources */,
				0F16DF9F1F0D980A006C531E /* FirebaseClient.swift in Sources */,
				AB2FB9AF1F02E5E600CA72B2 /* HeaderView.swift in Sources */,
				0FFB6F4D1F1559B700FD8BC1 /* LabelScrollView.swift in Sources */,
				0FFB6F491F1558A600FD8BC1 /* IndividualLabelView.swift in Sources */,
				0F3E2E3B1F3144AB004B8CD9 /* CalculatorInputView.swift in Sources */,
				0FFB6F401F13D03500FD8BC1 /* DisclosureCell.swift in Sources */,
				0FFB6F431F15308300FD8BC1 /* SplashScreenVC.swift in Sources */,
				0F2651E81F053E4600754D0F /* Stock.swift in Sources */,
				0FFB6F541F166AA700FD8BC1 /* IntroSplashScreen.swift in Sources */,
				AB2FB9921F029BB700CA72B2 /* AppDelegate.swift in Sources */,
				AB2FB99A1F029BB700CA72B2 /* Stock_Genius_Final.xcdatamodeld in Sources */,
				0F2651DD1F05374900754D0F /* CurrentStock.swift in Sources */,
				0FFB6F311F10325C00FD8BC1 /* PastPicksNoteCell.swift in Sources */,
				0F16DFAC1F0F17D3006C531E /* NextTwentyCell.swift in Sources */,
				0FFB6F581F1676E100FD8BC1 /* GirlView.swift in Sources */,
				0F2651DB1F05366D00754D0F /* MainStockCell.swift in Sources */,
				0F2651EA1F05467800754D0F /* PastPicksStockCell.swift in Sources */,
				AB2FB9AD1F02CF8300CA72B2 /* SGConstants.swift in Sources */,
				0F5BE8FF1F07FCBC00607D87 /* TabBarController.swift in Sources */,
				0F5BE8F91F07F0FC00607D87 /* NextUpdateView.swift in Sources */,
				0F2651EC1F05542A00754D0F /* PastPicksSummaryCell.swift in Sources */,
				0FFB6F4F1F15642200FD8BC1 /* IntroVC.swift in Sources */,
				0F16DFA11F0E6B8C006C531E /* AlphaVantageClient.swift in Sources */,
				0F2651EE1F05583E00754D0F /* MainStockSummaryCell.swift in Sources */,
				0F2651E11F053A4C00754D0F /* CurrentPortfolio.swift in Sources */,
				AB2FB9A91F02BB2800CA72B2 /* TabBar.swift in Sources */,
				0F2651E31F053AF600754D0F /* PastPortfolio.swift in Sources */,
				0F17B77A1F17CA180064533F /* InvalidSubscriptionVC.swift in Sources */,
			);
			runOnlyForDeploymentPostprocessing = 0;
		};
/* End PBXSourcesBuildPhase section */

/* Begin PBXVariantGroup section */
		AB2FB9951F029BB700CA72B2 /* Main.storyboard */ = {
			isa = PBXVariantGroup;
			children = (
				AB2FB9961F029BB700CA72B2 /* Base */,
			);
			name = Main.storyboard;
			sourceTree = "<group>";
		};
		AB2FB99D1F029BB700CA72B2 /* LaunchScreen.storyboard */ = {
			isa = PBXVariantGroup;
			children = (
				AB2FB99E1F029BB700CA72B2 /* Base */,
			);
			name = LaunchScreen.storyboard;
			sourceTree = "<group>";
		};
/* End PBXVariantGroup section */

/* Begin XCBuildConfiguration section */
		AB2FB9A11F029BB700CA72B2 /* Debug */ = {
			isa = XCBuildConfiguration;
			buildSettings = {
				ALWAYS_SEARCH_USER_PATHS = NO;
				CLANG_ANALYZER_NONNULL = YES;
				CLANG_ANALYZER_NUMBER_OBJECT_CONVERSION = YES_AGGRESSIVE;
				CLANG_CXX_LANGUAGE_STANDARD = "gnu++0x";
				CLANG_CXX_LIBRARY = "libc++";
				CLANG_ENABLE_MODULES = YES;
				CLANG_ENABLE_OBJC_ARC = YES;
				CLANG_WARN_BOOL_CONVERSION = YES;
				CLANG_WARN_CONSTANT_CONVERSION = YES;
				CLANG_WARN_DIRECT_OBJC_ISA_USAGE = YES_ERROR;
				CLANG_WARN_DOCUMENTATION_COMMENTS = YES;
				CLANG_WARN_EMPTY_BODY = YES;
				CLANG_WARN_ENUM_CONVERSION = YES;
				CLANG_WARN_INFINITE_RECURSION = YES;
				CLANG_WARN_INT_CONVERSION = YES;
				CLANG_WARN_OBJC_ROOT_CLASS = YES_ERROR;
				CLANG_WARN_SUSPICIOUS_MOVE = YES;
				CLANG_WARN_UNREACHABLE_CODE = YES;
				CLANG_WARN__DUPLICATE_METHOD_MATCH = YES;
				"CODE_SIGN_IDENTITY[sdk=iphoneos*]" = "iPhone Developer";
				COPY_PHASE_STRIP = NO;
				DEBUG_INFORMATION_FORMAT = dwarf;
				ENABLE_STRICT_OBJC_MSGSEND = YES;
				ENABLE_TESTABILITY = YES;
				GCC_C_LANGUAGE_STANDARD = gnu99;
				GCC_DYNAMIC_NO_PIC = NO;
				GCC_NO_COMMON_BLOCKS = YES;
				GCC_OPTIMIZATION_LEVEL = 0;
				GCC_PREPROCESSOR_DEFINITIONS = (
					"DEBUG=1",
					"$(inherited)",
				);
				GCC_WARN_64_TO_32_BIT_CONVERSION = YES;
				GCC_WARN_ABOUT_RETURN_TYPE = YES_ERROR;
				GCC_WARN_UNDECLARED_SELECTOR = YES;
				GCC_WARN_UNINITIALIZED_AUTOS = YES_AGGRESSIVE;
				GCC_WARN_UNUSED_FUNCTION = YES;
				GCC_WARN_UNUSED_VARIABLE = YES;
				IPHONEOS_DEPLOYMENT_TARGET = 10.3;
				MTL_ENABLE_DEBUG_INFO = YES;
				ONLY_ACTIVE_ARCH = YES;
				SDKROOT = iphoneos;
				SWIFT_ACTIVE_COMPILATION_CONDITIONS = DEBUG;
				SWIFT_OPTIMIZATION_LEVEL = "-Onone";
			};
			name = Debug;
		};
		AB2FB9A21F029BB700CA72B2 /* Release */ = {
			isa = XCBuildConfiguration;
			buildSettings = {
				ALWAYS_SEARCH_USER_PATHS = NO;
				CLANG_ANALYZER_NONNULL = YES;
				CLANG_ANALYZER_NUMBER_OBJECT_CONVERSION = YES_AGGRESSIVE;
				CLANG_CXX_LANGUAGE_STANDARD = "gnu++0x";
				CLANG_CXX_LIBRARY = "libc++";
				CLANG_ENABLE_MODULES = YES;
				CLANG_ENABLE_OBJC_ARC = YES;
				CLANG_WARN_BOOL_CONVERSION = YES;
				CLANG_WARN_CONSTANT_CONVERSION = YES;
				CLANG_WARN_DIRECT_OBJC_ISA_USAGE = YES_ERROR;
				CLANG_WARN_DOCUMENTATION_COMMENTS = YES;
				CLANG_WARN_EMPTY_BODY = YES;
				CLANG_WARN_ENUM_CONVERSION = YES;
				CLANG_WARN_INFINITE_RECURSION = YES;
				CLANG_WARN_INT_CONVERSION = YES;
				CLANG_WARN_OBJC_ROOT_CLASS = YES_ERROR;
				CLANG_WARN_SUSPICIOUS_MOVE = YES;
				CLANG_WARN_UNREACHABLE_CODE = YES;
				CLANG_WARN__DUPLICATE_METHOD_MATCH = YES;
				"CODE_SIGN_IDENTITY[sdk=iphoneos*]" = "iPhone Developer";
				COPY_PHASE_STRIP = NO;
				DEBUG_INFORMATION_FORMAT = "dwarf-with-dsym";
				ENABLE_NS_ASSERTIONS = NO;
				ENABLE_STRICT_OBJC_MSGSEND = YES;
				GCC_C_LANGUAGE_STANDARD = gnu99;
				GCC_NO_COMMON_BLOCKS = YES;
				GCC_WARN_64_TO_32_BIT_CONVERSION = YES;
				GCC_WARN_ABOUT_RETURN_TYPE = YES_ERROR;
				GCC_WARN_UNDECLARED_SELECTOR = YES;
				GCC_WARN_UNINITIALIZED_AUTOS = YES_AGGRESSIVE;
				GCC_WARN_UNUSED_FUNCTION = YES;
				GCC_WARN_UNUSED_VARIABLE = YES;
				IPHONEOS_DEPLOYMENT_TARGET = 10.3;
				MTL_ENABLE_DEBUG_INFO = NO;
				SDKROOT = iphoneos;
				SWIFT_OPTIMIZATION_LEVEL = "-Owholemodule";
				VALIDATE_PRODUCT = YES;
			};
			name = Release;
		};
		AB2FB9A41F029BB700CA72B2 /* Debug */ = {
			isa = XCBuildConfiguration;
			baseConfigurationReference = D7A6D99B9C4D2906E749D4F2 /* Pods-Stock Genius Final.debug.xcconfig */;
			buildSettings = {
				ASSETCATALOG_COMPILER_APPICON_NAME = AppIcon;
				DEVELOPMENT_TEAM = WGMLG78T9W;
				INFOPLIST_FILE = "Stock Genius Final/Info.plist";
				IPHONEOS_DEPLOYMENT_TARGET = 10.0;
				LD_RUNPATH_SEARCH_PATHS = "$(inherited) @executable_path/Frameworks";
				PRODUCT_BUNDLE_IDENTIFIER = "com.clouser-theQwiz.StockGeniusNew";
				PRODUCT_NAME = "$(TARGET_NAME)";
				SWIFT_VERSION = 3.0;
				TARGETED_DEVICE_FAMILY = 1;
			};
			name = Debug;
		};
		AB2FB9A51F029BB700CA72B2 /* Release */ = {
			isa = XCBuildConfiguration;
			baseConfigurationReference = 16B62DAFE1F169F454536BAB /* Pods-Stock Genius Final.release.xcconfig */;
			buildSettings = {
				ASSETCATALOG_COMPILER_APPICON_NAME = AppIcon;
				DEVELOPMENT_TEAM = WGMLG78T9W;
				INFOPLIST_FILE = "Stock Genius Final/Info.plist";
				IPHONEOS_DEPLOYMENT_TARGET = 10.0;
				LD_RUNPATH_SEARCH_PATHS = "$(inherited) @executable_path/Frameworks";
				PRODUCT_BUNDLE_IDENTIFIER = "com.clouser-theQwiz.StockGeniusNew";
				PRODUCT_NAME = "$(TARGET_NAME)";
				SWIFT_VERSION = 3.0;
				TARGETED_DEVICE_FAMILY = 1;
			};
			name = Release;
		};
/* End XCBuildConfiguration section */

/* Begin XCConfigurationList section */
		AB2FB9891F029BB700CA72B2 /* Build configuration list for PBXProject "Stock Genius Final" */ = {
			isa = XCConfigurationList;
			buildConfigurations = (
				AB2FB9A11F029BB700CA72B2 /* Debug */,
				AB2FB9A21F029BB700CA72B2 /* Release */,
			);
			defaultConfigurationIsVisible = 0;
			defaultConfigurationName = Release;
		};
		AB2FB9A31F029BB700CA72B2 /* Build configuration list for PBXNativeTarget "Stock Genius Final" */ = {
			isa = XCConfigurationList;
			buildConfigurations = (
				AB2FB9A41F029BB700CA72B2 /* Debug */,
				AB2FB9A51F029BB700CA72B2 /* Release */,
			);
			defaultConfigurationIsVisible = 0;
			defaultConfigurationName = Release;
		};
/* End XCConfigurationList section */

/* Begin XCVersionGroup section */
		AB2FB9981F029BB700CA72B2 /* Stock_Genius_Final.xcdatamodeld */ = {
			isa = XCVersionGroup;
			children = (
				AB2FB9991F029BB700CA72B2 /* Stock_Genius_Final.xcdatamodel */,
			);
			currentVersion = AB2FB9991F029BB700CA72B2 /* Stock_Genius_Final.xcdatamodel */;
			path = Stock_Genius_Final.xcdatamodeld;
			sourceTree = "<group>";
			versionGroupType = wrapper.xcdatamodel;
		};
/* End XCVersionGroup section */
	};
	rootObject = AB2FB9861F029BB700CA72B2 /* Project object */;
}
